
Microsoft Visual Studio Solution File, Format Version 12.00
# Visual Studio Version 16
VisualStudioVersion = 16.0.30517.126
MinimumVisualStudioVersion = 10.0.40219.1
Project("{9A19103F-16F7-4668-BE54-9A1E7A4F7556}") = "Heroes", "Heroes.csproj", "{419B3569-7C6C-4666-A247-AE986BC6EE28}"
EndProject
Global
	GlobalSection(SolutionConfigurationPlatforms) = preSolution
		Debug|Any CPU = Debug|Any CPU
		Release|Any CPU = Release|Any CPU
	EndGlobalSection
	GlobalSection(ProjectConfigurationPlatforms) = postSolution
		{419B3569-7C6C-4666-A247-AE986BC6EE28}.Debug|Any CPU.ActiveCfg = Debug|Any CPU
		{419B3569-7C6C-4666-A247-AE986BC6EE28}.Debug|Any CPU.Build.0 = Debug|Any CPU
		{419B3569-7C6C-4666-A247-AE986BC6EE28}.Release|Any CPU.ActiveCfg = Release|Any CPU
		{419B3569-7C6C-4666-A247-AE986BC6EE28}.Release|Any CPU.Build.0 = Release|Any CPU
	EndGlobalSection
	GlobalSection(SolutionProperties) = preSolution
		HideSolutionNode = FALSE
	EndGlobalSection
	GlobalSection(ExtensibilityGlobals) = postSolution
		SolutionGuid = {46FE1266-93BB-4CA9-9C43-EC94B97E1DE7}
	EndGlobalSection
EndGlobal
