
Microsoft Visual Studio Solution File, Format Version 12.00
# Visual Studio Version 16
VisualStudioVersion = 16.0.30406.217
MinimumVisualStudioVersion = 10.0.40219.1
Project("{9A19103F-16F7-4668-BE54-9A1E7A4F7556}") = "Practice", "Practice\Practice.csproj", "{95A14DCC-F98C-46D6-9644-63BC0A6529F7}"
EndProject
Project("{2150E333-8FDC-42A3-9474-1A3956D46DE8}") = "MultidimensionalArraysLAB", "MultidimensionalArraysLAB", "{83D23AD8-13C6-444E-80F4-CEC0CCAEE4CD}"
EndProject
Project("{9A19103F-16F7-4668-BE54-9A1E7A4F7556}") = "SumMatrixElements", "SumMatrixElements\SumMatrixElements.csproj", "{C3F61E25-49EC-4163-A9D8-3775995D28A4}"
EndProject
Project("{9A19103F-16F7-4668-BE54-9A1E7A4F7556}") = "SumMatrixColumns", "SumMatrixColumns\SumMatrixColumns.csproj", "{2FBB3053-B291-44D3-BD13-065D19FADF92}"
EndProject
Project("{9A19103F-16F7-4668-BE54-9A1E7A4F7556}") = "PrimaryDiagonal", "PrimaryDiagonal\PrimaryDiagonal.csproj", "{5F1A6FD9-6E63-45A0-B050-6CA6189BB599}"
EndProject
Project("{9A19103F-16F7-4668-BE54-9A1E7A4F7556}") = "SymbolInMatrix", "SymbolInMatrix\SymbolInMatrix.csproj", "{7E183A48-698B-4D04-BE89-1EF41459F03F}"
EndProject
Project("{9A19103F-16F7-4668-BE54-9A1E7A4F7556}") = "SquareWithMaximumSum", "SquareWithMaximumSum\SquareWithMaximumSum.csproj", "{C8464381-3381-42C3-95E1-7766E742CDE5}"
EndProject
Project("{9A19103F-16F7-4668-BE54-9A1E7A4F7556}") = "JaggedArrayModification", "JaggedArrayModification\JaggedArrayModification.csproj", "{01873F06-792B-41F1-B154-06F523CD0B45}"
EndProject
Project("{9A19103F-16F7-4668-BE54-9A1E7A4F7556}") = "PascalTriangle", "PascalTriangle\PascalTriangle.csproj", "{361B6768-58C0-46DD-A24D-5E0D52DB1DE6}"
EndProject
Project("{9A19103F-16F7-4668-BE54-9A1E7A4F7556}") = "Pyramid", "Pyramid\Pyramid.csproj", "{BD007BE3-7229-4D18-B9E6-7A2CC5B3A68B}"
EndProject
Project("{9A19103F-16F7-4668-BE54-9A1E7A4F7556}") = "Cube", "Cube\Cube.csproj", "{113E5751-9957-42C4-94BE-B14C4A24F3F9}"
EndProject
Project("{2150E333-8FDC-42A3-9474-1A3956D46DE8}") = "MultidimensionalArraysExercise", "MultidimensionalArraysExercise", "{FC855E1F-CA0C-48B1-9A64-8F7D2488CAC0}"
EndProject
Project("{9A19103F-16F7-4668-BE54-9A1E7A4F7556}") = "DiagonalDifference", "DiagonalDifference\DiagonalDifference.csproj", "{0B644BC9-4B3B-4A8B-B586-40639D869702}"
EndProject
Project("{9A19103F-16F7-4668-BE54-9A1E7A4F7556}") = "SquaresInMatrix", "SquaresInMatrix\SquaresInMatrix.csproj", "{AAB9D207-B92E-40C2-B487-A635F503A716}"
EndProject
Project("{9A19103F-16F7-4668-BE54-9A1E7A4F7556}") = "MaximalSum", "MaximalSum\MaximalSum.csproj", "{31BE78DA-6E6D-438E-8673-85CBD18D8EAF}"
EndProject
Project("{9A19103F-16F7-4668-BE54-9A1E7A4F7556}") = "MatrixShuffling", "MatrixShuffling\MatrixShuffling.csproj", "{F1D2550E-451A-48D2-ACE8-1F4CA3B2B67D}"
EndProject
Project("{9A19103F-16F7-4668-BE54-9A1E7A4F7556}") = "SnakeMoves", "SnakeMoves\SnakeMoves.csproj", "{4FB5C7D5-FE73-49E1-8016-87B6B575595E}"
EndProject
Project("{9A19103F-16F7-4668-BE54-9A1E7A4F7556}") = "JaggedArrayManipulator", "JaggedArrayManipulator\JaggedArrayManipulator.csproj", "{8D3C19DB-5ECA-459E-99A0-AEA751F25338}"
EndProject
Project("{9A19103F-16F7-4668-BE54-9A1E7A4F7556}") = "KnightGame", "KnightGame\KnightGame.csproj", "{6DD4DEA4-9E89-4FF3-81D8-9BE6F4F263BA}"
EndProject
Project("{9A19103F-16F7-4668-BE54-9A1E7A4F7556}") = "Bombs", "Bombs\Bombs.csproj", "{EEB71745-3FB6-4771-85BA-081664551931}"
EndProject
Project("{9A19103F-16F7-4668-BE54-9A1E7A4F7556}") = "Miner", "Miner\Miner.csproj", "{FFF2C79E-E9F1-4083-9309-3BF96CD06286}"
EndProject
Project("{9A19103F-16F7-4668-BE54-9A1E7A4F7556}") = "RadioactiveMutantVampireBunnies90Points", "RadioactiveMutantVampireBunnies\RadioactiveMutantVampireBunnies90Points.csproj", "{7AA24D6E-7756-4F46-83F7-2A3D927645D2}"
EndProject
Project("{FAE04EC0-301F-11D3-BF4B-00C04F79EFBC}") = "RadioactiveMutantVampireBunnies1", "RadioactiveMutantVampireBunnies1\RadioactiveMutantVampireBunnies1.csproj", "{5A136386-801D-4C5C-85BC-0D8E99598831}"
EndProject
Global
	GlobalSection(SolutionConfigurationPlatforms) = preSolution
		Debug|Any CPU = Debug|Any CPU
		Release|Any CPU = Release|Any CPU
	EndGlobalSection
	GlobalSection(ProjectConfigurationPlatforms) = postSolution
		{95A14DCC-F98C-46D6-9644-63BC0A6529F7}.Debug|Any CPU.ActiveCfg = Debug|Any CPU
		{95A14DCC-F98C-46D6-9644-63BC0A6529F7}.Debug|Any CPU.Build.0 = Debug|Any CPU
		{95A14DCC-F98C-46D6-9644-63BC0A6529F7}.Release|Any CPU.ActiveCfg = Release|Any CPU
		{95A14DCC-F98C-46D6-9644-63BC0A6529F7}.Release|Any CPU.Build.0 = Release|Any CPU
		{C3F61E25-49EC-4163-A9D8-3775995D28A4}.Debug|Any CPU.ActiveCfg = Debug|Any CPU
		{C3F61E25-49EC-4163-A9D8-3775995D28A4}.Debug|Any CPU.Build.0 = Debug|Any CPU
		{C3F61E25-49EC-4163-A9D8-3775995D28A4}.Release|Any CPU.ActiveCfg = Release|Any CPU
		{C3F61E25-49EC-4163-A9D8-3775995D28A4}.Release|Any CPU.Build.0 = Release|Any CPU
		{2FBB3053-B291-44D3-BD13-065D19FADF92}.Debug|Any CPU.ActiveCfg = Debug|Any CPU
		{2FBB3053-B291-44D3-BD13-065D19FADF92}.Debug|Any CPU.Build.0 = Debug|Any CPU
		{2FBB3053-B291-44D3-BD13-065D19FADF92}.Release|Any CPU.ActiveCfg = Release|Any CPU
		{2FBB3053-B291-44D3-BD13-065D19FADF92}.Release|Any CPU.Build.0 = Release|Any CPU
		{5F1A6FD9-6E63-45A0-B050-6CA6189BB599}.Debug|Any CPU.ActiveCfg = Debug|Any CPU
		{5F1A6FD9-6E63-45A0-B050-6CA6189BB599}.Debug|Any CPU.Build.0 = Debug|Any CPU
		{5F1A6FD9-6E63-45A0-B050-6CA6189BB599}.Release|Any CPU.ActiveCfg = Release|Any CPU
		{5F1A6FD9-6E63-45A0-B050-6CA6189BB599}.Release|Any CPU.Build.0 = Release|Any CPU
		{7E183A48-698B-4D04-BE89-1EF41459F03F}.Debug|Any CPU.ActiveCfg = Debug|Any CPU
		{7E183A48-698B-4D04-BE89-1EF41459F03F}.Debug|Any CPU.Build.0 = Debug|Any CPU
		{7E183A48-698B-4D04-BE89-1EF41459F03F}.Release|Any CPU.ActiveCfg = Release|Any CPU
		{7E183A48-698B-4D04-BE89-1EF41459F03F}.Release|Any CPU.Build.0 = Release|Any CPU
		{C8464381-3381-42C3-95E1-7766E742CDE5}.Debug|Any CPU.ActiveCfg = Debug|Any CPU
		{C8464381-3381-42C3-95E1-7766E742CDE5}.Debug|Any CPU.Build.0 = Debug|Any CPU
		{C8464381-3381-42C3-95E1-7766E742CDE5}.Release|Any CPU.ActiveCfg = Release|Any CPU
		{C8464381-3381-42C3-95E1-7766E742CDE5}.Release|Any CPU.Build.0 = Release|Any CPU
		{01873F06-792B-41F1-B154-06F523CD0B45}.Debug|Any CPU.ActiveCfg = Debug|Any CPU
		{01873F06-792B-41F1-B154-06F523CD0B45}.Debug|Any CPU.Build.0 = Debug|Any CPU
		{01873F06-792B-41F1-B154-06F523CD0B45}.Release|Any CPU.ActiveCfg = Release|Any CPU
		{01873F06-792B-41F1-B154-06F523CD0B45}.Release|Any CPU.Build.0 = Release|Any CPU
		{361B6768-58C0-46DD-A24D-5E0D52DB1DE6}.Debug|Any CPU.ActiveCfg = Debug|Any CPU
		{361B6768-58C0-46DD-A24D-5E0D52DB1DE6}.Debug|Any CPU.Build.0 = Debug|Any CPU
		{361B6768-58C0-46DD-A24D-5E0D52DB1DE6}.Release|Any CPU.ActiveCfg = Release|Any CPU
		{361B6768-58C0-46DD-A24D-5E0D52DB1DE6}.Release|Any CPU.Build.0 = Release|Any CPU
		{BD007BE3-7229-4D18-B9E6-7A2CC5B3A68B}.Debug|Any CPU.ActiveCfg = Debug|Any CPU
		{BD007BE3-7229-4D18-B9E6-7A2CC5B3A68B}.Debug|Any CPU.Build.0 = Debug|Any CPU
		{BD007BE3-7229-4D18-B9E6-7A2CC5B3A68B}.Release|Any CPU.ActiveCfg = Release|Any CPU
		{BD007BE3-7229-4D18-B9E6-7A2CC5B3A68B}.Release|Any CPU.Build.0 = Release|Any CPU
		{113E5751-9957-42C4-94BE-B14C4A24F3F9}.Debug|Any CPU.ActiveCfg = Debug|Any CPU
		{113E5751-9957-42C4-94BE-B14C4A24F3F9}.Debug|Any CPU.Build.0 = Debug|Any CPU
		{113E5751-9957-42C4-94BE-B14C4A24F3F9}.Release|Any CPU.ActiveCfg = Release|Any CPU
		{113E5751-9957-42C4-94BE-B14C4A24F3F9}.Release|Any CPU.Build.0 = Release|Any CPU
		{0B644BC9-4B3B-4A8B-B586-40639D869702}.Debug|Any CPU.ActiveCfg = Debug|Any CPU
		{0B644BC9-4B3B-4A8B-B586-40639D869702}.Debug|Any CPU.Build.0 = Debug|Any CPU
		{0B644BC9-4B3B-4A8B-B586-40639D869702}.Release|Any CPU.ActiveCfg = Release|Any CPU
		{0B644BC9-4B3B-4A8B-B586-40639D869702}.Release|Any CPU.Build.0 = Release|Any CPU
		{AAB9D207-B92E-40C2-B487-A635F503A716}.Debug|Any CPU.ActiveCfg = Debug|Any CPU
		{AAB9D207-B92E-40C2-B487-A635F503A716}.Debug|Any CPU.Build.0 = Debug|Any CPU
		{AAB9D207-B92E-40C2-B487-A635F503A716}.Release|Any CPU.ActiveCfg = Release|Any CPU
		{AAB9D207-B92E-40C2-B487-A635F503A716}.Release|Any CPU.Build.0 = Release|Any CPU
		{31BE78DA-6E6D-438E-8673-85CBD18D8EAF}.Debug|Any CPU.ActiveCfg = Debug|Any CPU
		{31BE78DA-6E6D-438E-8673-85CBD18D8EAF}.Debug|Any CPU.Build.0 = Debug|Any CPU
		{31BE78DA-6E6D-438E-8673-85CBD18D8EAF}.Release|Any CPU.ActiveCfg = Release|Any CPU
		{31BE78DA-6E6D-438E-8673-85CBD18D8EAF}.Release|Any CPU.Build.0 = Release|Any CPU
		{F1D2550E-451A-48D2-ACE8-1F4CA3B2B67D}.Debug|Any CPU.ActiveCfg = Debug|Any CPU
		{F1D2550E-451A-48D2-ACE8-1F4CA3B2B67D}.Debug|Any CPU.Build.0 = Debug|Any CPU
		{F1D2550E-451A-48D2-ACE8-1F4CA3B2B67D}.Release|Any CPU.ActiveCfg = Release|Any CPU
		{F1D2550E-451A-48D2-ACE8-1F4CA3B2B67D}.Release|Any CPU.Build.0 = Release|Any CPU
		{4FB5C7D5-FE73-49E1-8016-87B6B575595E}.Debug|Any CPU.ActiveCfg = Debug|Any CPU
		{4FB5C7D5-FE73-49E1-8016-87B6B575595E}.Debug|Any CPU.Build.0 = Debug|Any CPU
		{4FB5C7D5-FE73-49E1-8016-87B6B575595E}.Release|Any CPU.ActiveCfg = Release|Any CPU
		{4FB5C7D5-FE73-49E1-8016-87B6B575595E}.Release|Any CPU.Build.0 = Release|Any CPU
		{8D3C19DB-5ECA-459E-99A0-AEA751F25338}.Debug|Any CPU.ActiveCfg = Debug|Any CPU
		{8D3C19DB-5ECA-459E-99A0-AEA751F25338}.Debug|Any CPU.Build.0 = Debug|Any CPU
		{8D3C19DB-5ECA-459E-99A0-AEA751F25338}.Release|Any CPU.ActiveCfg = Release|Any CPU
		{8D3C19DB-5ECA-459E-99A0-AEA751F25338}.Release|Any CPU.Build.0 = Release|Any CPU
		{6DD4DEA4-9E89-4FF3-81D8-9BE6F4F263BA}.Debug|Any CPU.ActiveCfg = Debug|Any CPU
		{6DD4DEA4-9E89-4FF3-81D8-9BE6F4F263BA}.Debug|Any CPU.Build.0 = Debug|Any CPU
		{6DD4DEA4-9E89-4FF3-81D8-9BE6F4F263BA}.Release|Any CPU.ActiveCfg = Release|Any CPU
		{6DD4DEA4-9E89-4FF3-81D8-9BE6F4F263BA}.Release|Any CPU.Build.0 = Release|Any CPU
		{EEB71745-3FB6-4771-85BA-081664551931}.Debug|Any CPU.ActiveCfg = Debug|Any CPU
		{EEB71745-3FB6-4771-85BA-081664551931}.Debug|Any CPU.Build.0 = Debug|Any CPU
		{EEB71745-3FB6-4771-85BA-081664551931}.Release|Any CPU.ActiveCfg = Release|Any CPU
		{EEB71745-3FB6-4771-85BA-081664551931}.Release|Any CPU.Build.0 = Release|Any CPU
		{FFF2C79E-E9F1-4083-9309-3BF96CD06286}.Debug|Any CPU.ActiveCfg = Debug|Any CPU
		{FFF2C79E-E9F1-4083-9309-3BF96CD06286}.Debug|Any CPU.Build.0 = Debug|Any CPU
		{FFF2C79E-E9F1-4083-9309-3BF96CD06286}.Release|Any CPU.ActiveCfg = Release|Any CPU
		{FFF2C79E-E9F1-4083-9309-3BF96CD06286}.Release|Any CPU.Build.0 = Release|Any CPU
		{7AA24D6E-7756-4F46-83F7-2A3D927645D2}.Debug|Any CPU.ActiveCfg = Debug|Any CPU
		{7AA24D6E-7756-4F46-83F7-2A3D927645D2}.Debug|Any CPU.Build.0 = Debug|Any CPU
		{7AA24D6E-7756-4F46-83F7-2A3D927645D2}.Release|Any CPU.ActiveCfg = Release|Any CPU
		{7AA24D6E-7756-4F46-83F7-2A3D927645D2}.Release|Any CPU.Build.0 = Release|Any CPU
		{5A136386-801D-4C5C-85BC-0D8E99598831}.Debug|Any CPU.ActiveCfg = Debug|Any CPU
		{5A136386-801D-4C5C-85BC-0D8E99598831}.Debug|Any CPU.Build.0 = Debug|Any CPU
		{5A136386-801D-4C5C-85BC-0D8E99598831}.Release|Any CPU.ActiveCfg = Release|Any CPU
		{5A136386-801D-4C5C-85BC-0D8E99598831}.Release|Any CPU.Build.0 = Release|Any CPU
	EndGlobalSection
	GlobalSection(SolutionProperties) = preSolution
		HideSolutionNode = FALSE
	EndGlobalSection
	GlobalSection(NestedProjects) = preSolution
		{C3F61E25-49EC-4163-A9D8-3775995D28A4} = {83D23AD8-13C6-444E-80F4-CEC0CCAEE4CD}
		{2FBB3053-B291-44D3-BD13-065D19FADF92} = {83D23AD8-13C6-444E-80F4-CEC0CCAEE4CD}
		{5F1A6FD9-6E63-45A0-B050-6CA6189BB599} = {83D23AD8-13C6-444E-80F4-CEC0CCAEE4CD}
		{7E183A48-698B-4D04-BE89-1EF41459F03F} = {83D23AD8-13C6-444E-80F4-CEC0CCAEE4CD}
		{C8464381-3381-42C3-95E1-7766E742CDE5} = {83D23AD8-13C6-444E-80F4-CEC0CCAEE4CD}
		{01873F06-792B-41F1-B154-06F523CD0B45} = {83D23AD8-13C6-444E-80F4-CEC0CCAEE4CD}
		{361B6768-58C0-46DD-A24D-5E0D52DB1DE6} = {83D23AD8-13C6-444E-80F4-CEC0CCAEE4CD}
		{BD007BE3-7229-4D18-B9E6-7A2CC5B3A68B} = {83D23AD8-13C6-444E-80F4-CEC0CCAEE4CD}
		{113E5751-9957-42C4-94BE-B14C4A24F3F9} = {83D23AD8-13C6-444E-80F4-CEC0CCAEE4CD}
		{0B644BC9-4B3B-4A8B-B586-40639D869702} = {FC855E1F-CA0C-48B1-9A64-8F7D2488CAC0}
		{AAB9D207-B92E-40C2-B487-A635F503A716} = {FC855E1F-CA0C-48B1-9A64-8F7D2488CAC0}
		{31BE78DA-6E6D-438E-8673-85CBD18D8EAF} = {FC855E1F-CA0C-48B1-9A64-8F7D2488CAC0}
		{F1D2550E-451A-48D2-ACE8-1F4CA3B2B67D} = {FC855E1F-CA0C-48B1-9A64-8F7D2488CAC0}
		{4FB5C7D5-FE73-49E1-8016-87B6B575595E} = {FC855E1F-CA0C-48B1-9A64-8F7D2488CAC0}
		{8D3C19DB-5ECA-459E-99A0-AEA751F25338} = {FC855E1F-CA0C-48B1-9A64-8F7D2488CAC0}
		{6DD4DEA4-9E89-4FF3-81D8-9BE6F4F263BA} = {FC855E1F-CA0C-48B1-9A64-8F7D2488CAC0}
		{EEB71745-3FB6-4771-85BA-081664551931} = {FC855E1F-CA0C-48B1-9A64-8F7D2488CAC0}
		{FFF2C79E-E9F1-4083-9309-3BF96CD06286} = {FC855E1F-CA0C-48B1-9A64-8F7D2488CAC0}
		{7AA24D6E-7756-4F46-83F7-2A3D927645D2} = {FC855E1F-CA0C-48B1-9A64-8F7D2488CAC0}
		{5A136386-801D-4C5C-85BC-0D8E99598831} = {FC855E1F-CA0C-48B1-9A64-8F7D2488CAC0}
	EndGlobalSection
	GlobalSection(ExtensibilityGlobals) = postSolution
		SolutionGuid = {D1024D62-23F2-4D55-9284-D88724267454}
	EndGlobalSection
EndGlobal
