
Microsoft Visual Studio Solution File, Format Version 12.00
# Visual Studio Version 16
VisualStudioVersion = 16.0.30330.147
MinimumVisualStudioVersion = 10.0.40219.1
Project("{9A19103F-16F7-4668-BE54-9A1E7A4F7556}") = "StackPractice", "StackPractice\StackPractice.csproj", "{023BF830-DD39-4BB5-A6EB-22676BC095E5}"
EndProject
Project("{2150E333-8FDC-42A3-9474-1A3956D46DE8}") = "StacksAndQueuesLAB", "StacksAndQueuesLAB", "{66D4E565-B50F-4912-BD72-C05C3FF4B8B6}"
EndProject
Project("{9A19103F-16F7-4668-BE54-9A1E7A4F7556}") = "ReverseStrings", "ReverseStrings\ReverseStrings.csproj", "{43F725A5-E169-46EA-8F8A-2C4DEDA98587}"
EndProject
Project("{9A19103F-16F7-4668-BE54-9A1E7A4F7556}") = "StackSum", "StackSum\StackSum.csproj", "{9A296642-55C3-40E4-A1F6-88D3B8C071B2}"
EndProject
Project("{9A19103F-16F7-4668-BE54-9A1E7A4F7556}") = "SimpleCalculator", "SimpleCalculator\SimpleCalculator.csproj", "{240A456E-A73F-4253-9BE0-92F633D69E69}"
EndProject
Project("{9A19103F-16F7-4668-BE54-9A1E7A4F7556}") = "MatchingBrackets", "MatchingBrackets\MatchingBrackets.csproj", "{7BF70EB9-27FA-46D7-B857-1D9B6D465127}"
EndProject
Project("{9A19103F-16F7-4668-BE54-9A1E7A4F7556}") = "PrintEvenNumbers", "PrintEvenNumbers\PrintEvenNumbers.csproj", "{50B8C8BB-356F-4085-B503-9890CE0D932A}"
EndProject
Project("{9A19103F-16F7-4668-BE54-9A1E7A4F7556}") = "Supermarket", "Supermarket\Supermarket.csproj", "{5D7954D1-74F3-43B8-912A-FAFCD97FD6CA}"
EndProject
Project("{9A19103F-16F7-4668-BE54-9A1E7A4F7556}") = "HotPotato", "HotPotato\HotPotato.csproj", "{71713F61-4CA7-4A0B-97A2-0C7694B85904}"
EndProject
Project("{9A19103F-16F7-4668-BE54-9A1E7A4F7556}") = "TrafficJam", "TrafficJam\TrafficJam.csproj", "{8DAAC02E-C54A-494F-B9E1-A69EBD15A59D}"
EndProject
Project("{2150E333-8FDC-42A3-9474-1A3956D46DE8}") = "StacksAndQueuesExercise", "StacksAndQueuesExercise", "{BAED8D18-46A6-4438-BB3A-BF7EDDA3431F}"
EndProject
Project("{9A19103F-16F7-4668-BE54-9A1E7A4F7556}") = "BasicStackOperations", "BasicStackOperations\BasicStackOperations.csproj", "{6B2CF74E-0A5B-4136-B057-CC2A961DF24E}"
EndProject
Project("{9A19103F-16F7-4668-BE54-9A1E7A4F7556}") = "BasicQueueOperations", "BasicQueueOperations\BasicQueueOperations.csproj", "{3B71933C-B73C-4BC5-BC28-9C6D901C5C9D}"
EndProject
Project("{9A19103F-16F7-4668-BE54-9A1E7A4F7556}") = "MaximumAndMinimumElement", "MaximumAndMinimumElement\MaximumAndMinimumElement.csproj", "{2D9814B1-06DB-4742-8B9B-7CA5E392F490}"
EndProject
Project("{9A19103F-16F7-4668-BE54-9A1E7A4F7556}") = "FastFood", "FastFood\FastFood.csproj", "{2E2F8C0E-86AE-4890-964D-A18F69798C3B}"
EndProject
Project("{9A19103F-16F7-4668-BE54-9A1E7A4F7556}") = "FashionBoutique", "FashionBoutique\FashionBoutique.csproj", "{5CC7E240-3CEC-46FD-9E6F-A7AE38F5742E}"
EndProject
Project("{9A19103F-16F7-4668-BE54-9A1E7A4F7556}") = "SongsQueue", "SongsQueue\SongsQueue.csproj", "{BA39A5C9-3C0C-41D5-9FB7-254D5484F5F7}"
EndProject
Project("{9A19103F-16F7-4668-BE54-9A1E7A4F7556}") = "TruckTour", "TruckTour\TruckTour.csproj", "{C83F25BB-2DBA-4E6E-A24A-FA7FB0D40D96}"
EndProject
Project("{2150E333-8FDC-42A3-9474-1A3956D46DE8}") = "HackerRank Solutions", "HackerRank Solutions", "{F69E15E1-53B6-4B8B-9062-C36027BE9AE6}"
EndProject
Project("{9A19103F-16F7-4668-BE54-9A1E7A4F7556}") = "Pangram", "Pangram\Pangram.csproj", "{7C098BA9-D65C-4E06-9D4F-E879A56A8556}"
EndProject
Project("{9A19103F-16F7-4668-BE54-9A1E7A4F7556}") = "WeightedUniformStrings", "WeightedUniformStrings\WeightedUniformStrings.csproj", "{BFE692AE-F652-4792-BD41-15CAA6B5876C}"
EndProject
Project("{9A19103F-16F7-4668-BE54-9A1E7A4F7556}") = "CamelCase", "CamelCase\CamelCase.csproj", "{610929BF-A6A9-4207-A92A-5C127E61AE5D}"
EndProject
Project("{9A19103F-16F7-4668-BE54-9A1E7A4F7556}") = "MissingNumbers", "MissingNumbers\MissingNumbers.csproj", "{57D3A507-25C1-4FC7-97D7-6C28DF41E96B}"
EndProject
Project("{FAE04EC0-301F-11D3-BF4B-00C04F79EFBC}") = "BalancedParenthesis", "BalancedParenthesis\BalancedParenthesis.csproj", "{7D295262-45F1-4F25-A012-901A684B494E}"
EndProject
Project("{FAE04EC0-301F-11D3-BF4B-00C04F79EFBC}") = "SimpleTextEditor", "SimpleTextEditor\SimpleTextEditor.csproj", "{7DCA082E-3D52-4074-AD56-AD2305BAF11C}"
EndProject
Project("{FAE04EC0-301F-11D3-BF4B-00C04F79EFBC}") = "Crossroads", "Crossroads\Crossroads.csproj", "{BC838447-842B-49DC-8B1D-E185BEB2461B}"
EndProject
Project("{FAE04EC0-301F-11D3-BF4B-00C04F79EFBC}") = "KeyRevolver", "KeyRevolver\KeyRevolver.csproj", "{2FCEF156-D9ED-42CB-AA2D-9517A4988E74}"
EndProject
Project("{FAE04EC0-301F-11D3-BF4B-00C04F79EFBC}") = "CupsAndBottles", "CupsAndBottles\CupsAndBottles.csproj", "{256636BA-1373-4489-B473-A8340A64F0AA}"
EndProject
Global
	GlobalSection(SolutionConfigurationPlatforms) = preSolution
		Debug|Any CPU = Debug|Any CPU
		Release|Any CPU = Release|Any CPU
	EndGlobalSection
	GlobalSection(ProjectConfigurationPlatforms) = postSolution
		{023BF830-DD39-4BB5-A6EB-22676BC095E5}.Debug|Any CPU.ActiveCfg = Debug|Any CPU
		{023BF830-DD39-4BB5-A6EB-22676BC095E5}.Debug|Any CPU.Build.0 = Debug|Any CPU
		{023BF830-DD39-4BB5-A6EB-22676BC095E5}.Release|Any CPU.ActiveCfg = Release|Any CPU
		{023BF830-DD39-4BB5-A6EB-22676BC095E5}.Release|Any CPU.Build.0 = Release|Any CPU
		{43F725A5-E169-46EA-8F8A-2C4DEDA98587}.Debug|Any CPU.ActiveCfg = Debug|Any CPU
		{43F725A5-E169-46EA-8F8A-2C4DEDA98587}.Debug|Any CPU.Build.0 = Debug|Any CPU
		{43F725A5-E169-46EA-8F8A-2C4DEDA98587}.Release|Any CPU.ActiveCfg = Release|Any CPU
		{43F725A5-E169-46EA-8F8A-2C4DEDA98587}.Release|Any CPU.Build.0 = Release|Any CPU
		{9A296642-55C3-40E4-A1F6-88D3B8C071B2}.Debug|Any CPU.ActiveCfg = Debug|Any CPU
		{9A296642-55C3-40E4-A1F6-88D3B8C071B2}.Debug|Any CPU.Build.0 = Debug|Any CPU
		{9A296642-55C3-40E4-A1F6-88D3B8C071B2}.Release|Any CPU.ActiveCfg = Release|Any CPU
		{9A296642-55C3-40E4-A1F6-88D3B8C071B2}.Release|Any CPU.Build.0 = Release|Any CPU
		{240A456E-A73F-4253-9BE0-92F633D69E69}.Debug|Any CPU.ActiveCfg = Debug|Any CPU
		{240A456E-A73F-4253-9BE0-92F633D69E69}.Debug|Any CPU.Build.0 = Debug|Any CPU
		{240A456E-A73F-4253-9BE0-92F633D69E69}.Release|Any CPU.ActiveCfg = Release|Any CPU
		{240A456E-A73F-4253-9BE0-92F633D69E69}.Release|Any CPU.Build.0 = Release|Any CPU
		{7BF70EB9-27FA-46D7-B857-1D9B6D465127}.Debug|Any CPU.ActiveCfg = Debug|Any CPU
		{7BF70EB9-27FA-46D7-B857-1D9B6D465127}.Debug|Any CPU.Build.0 = Debug|Any CPU
		{7BF70EB9-27FA-46D7-B857-1D9B6D465127}.Release|Any CPU.ActiveCfg = Release|Any CPU
		{7BF70EB9-27FA-46D7-B857-1D9B6D465127}.Release|Any CPU.Build.0 = Release|Any CPU
		{50B8C8BB-356F-4085-B503-9890CE0D932A}.Debug|Any CPU.ActiveCfg = Debug|Any CPU
		{50B8C8BB-356F-4085-B503-9890CE0D932A}.Debug|Any CPU.Build.0 = Debug|Any CPU
		{50B8C8BB-356F-4085-B503-9890CE0D932A}.Release|Any CPU.ActiveCfg = Release|Any CPU
		{50B8C8BB-356F-4085-B503-9890CE0D932A}.Release|Any CPU.Build.0 = Release|Any CPU
		{5D7954D1-74F3-43B8-912A-FAFCD97FD6CA}.Debug|Any CPU.ActiveCfg = Debug|Any CPU
		{5D7954D1-74F3-43B8-912A-FAFCD97FD6CA}.Debug|Any CPU.Build.0 = Debug|Any CPU
		{5D7954D1-74F3-43B8-912A-FAFCD97FD6CA}.Release|Any CPU.ActiveCfg = Release|Any CPU
		{5D7954D1-74F3-43B8-912A-FAFCD97FD6CA}.Release|Any CPU.Build.0 = Release|Any CPU
		{71713F61-4CA7-4A0B-97A2-0C7694B85904}.Debug|Any CPU.ActiveCfg = Debug|Any CPU
		{71713F61-4CA7-4A0B-97A2-0C7694B85904}.Debug|Any CPU.Build.0 = Debug|Any CPU
		{71713F61-4CA7-4A0B-97A2-0C7694B85904}.Release|Any CPU.ActiveCfg = Release|Any CPU
		{71713F61-4CA7-4A0B-97A2-0C7694B85904}.Release|Any CPU.Build.0 = Release|Any CPU
		{8DAAC02E-C54A-494F-B9E1-A69EBD15A59D}.Debug|Any CPU.ActiveCfg = Debug|Any CPU
		{8DAAC02E-C54A-494F-B9E1-A69EBD15A59D}.Debug|Any CPU.Build.0 = Debug|Any CPU
		{8DAAC02E-C54A-494F-B9E1-A69EBD15A59D}.Release|Any CPU.ActiveCfg = Release|Any CPU
		{8DAAC02E-C54A-494F-B9E1-A69EBD15A59D}.Release|Any CPU.Build.0 = Release|Any CPU
		{6B2CF74E-0A5B-4136-B057-CC2A961DF24E}.Debug|Any CPU.ActiveCfg = Debug|Any CPU
		{6B2CF74E-0A5B-4136-B057-CC2A961DF24E}.Debug|Any CPU.Build.0 = Debug|Any CPU
		{6B2CF74E-0A5B-4136-B057-CC2A961DF24E}.Release|Any CPU.ActiveCfg = Release|Any CPU
		{6B2CF74E-0A5B-4136-B057-CC2A961DF24E}.Release|Any CPU.Build.0 = Release|Any CPU
		{3B71933C-B73C-4BC5-BC28-9C6D901C5C9D}.Debug|Any CPU.ActiveCfg = Debug|Any CPU
		{3B71933C-B73C-4BC5-BC28-9C6D901C5C9D}.Debug|Any CPU.Build.0 = Debug|Any CPU
		{3B71933C-B73C-4BC5-BC28-9C6D901C5C9D}.Release|Any CPU.ActiveCfg = Release|Any CPU
		{3B71933C-B73C-4BC5-BC28-9C6D901C5C9D}.Release|Any CPU.Build.0 = Release|Any CPU
		{2D9814B1-06DB-4742-8B9B-7CA5E392F490}.Debug|Any CPU.ActiveCfg = Debug|Any CPU
		{2D9814B1-06DB-4742-8B9B-7CA5E392F490}.Debug|Any CPU.Build.0 = Debug|Any CPU
		{2D9814B1-06DB-4742-8B9B-7CA5E392F490}.Release|Any CPU.ActiveCfg = Release|Any CPU
		{2D9814B1-06DB-4742-8B9B-7CA5E392F490}.Release|Any CPU.Build.0 = Release|Any CPU
		{2E2F8C0E-86AE-4890-964D-A18F69798C3B}.Debug|Any CPU.ActiveCfg = Debug|Any CPU
		{2E2F8C0E-86AE-4890-964D-A18F69798C3B}.Debug|Any CPU.Build.0 = Debug|Any CPU
		{2E2F8C0E-86AE-4890-964D-A18F69798C3B}.Release|Any CPU.ActiveCfg = Release|Any CPU
		{2E2F8C0E-86AE-4890-964D-A18F69798C3B}.Release|Any CPU.Build.0 = Release|Any CPU
		{5CC7E240-3CEC-46FD-9E6F-A7AE38F5742E}.Debug|Any CPU.ActiveCfg = Debug|Any CPU
		{5CC7E240-3CEC-46FD-9E6F-A7AE38F5742E}.Debug|Any CPU.Build.0 = Debug|Any CPU
		{5CC7E240-3CEC-46FD-9E6F-A7AE38F5742E}.Release|Any CPU.ActiveCfg = Release|Any CPU
		{5CC7E240-3CEC-46FD-9E6F-A7AE38F5742E}.Release|Any CPU.Build.0 = Release|Any CPU
		{BA39A5C9-3C0C-41D5-9FB7-254D5484F5F7}.Debug|Any CPU.ActiveCfg = Debug|Any CPU
		{BA39A5C9-3C0C-41D5-9FB7-254D5484F5F7}.Debug|Any CPU.Build.0 = Debug|Any CPU
		{BA39A5C9-3C0C-41D5-9FB7-254D5484F5F7}.Release|Any CPU.ActiveCfg = Release|Any CPU
		{BA39A5C9-3C0C-41D5-9FB7-254D5484F5F7}.Release|Any CPU.Build.0 = Release|Any CPU
		{C83F25BB-2DBA-4E6E-A24A-FA7FB0D40D96}.Debug|Any CPU.ActiveCfg = Debug|Any CPU
		{C83F25BB-2DBA-4E6E-A24A-FA7FB0D40D96}.Debug|Any CPU.Build.0 = Debug|Any CPU
		{C83F25BB-2DBA-4E6E-A24A-FA7FB0D40D96}.Release|Any CPU.ActiveCfg = Release|Any CPU
		{C83F25BB-2DBA-4E6E-A24A-FA7FB0D40D96}.Release|Any CPU.Build.0 = Release|Any CPU
		{7C098BA9-D65C-4E06-9D4F-E879A56A8556}.Debug|Any CPU.ActiveCfg = Debug|Any CPU
		{7C098BA9-D65C-4E06-9D4F-E879A56A8556}.Debug|Any CPU.Build.0 = Debug|Any CPU
		{7C098BA9-D65C-4E06-9D4F-E879A56A8556}.Release|Any CPU.ActiveCfg = Release|Any CPU
		{7C098BA9-D65C-4E06-9D4F-E879A56A8556}.Release|Any CPU.Build.0 = Release|Any CPU
		{BFE692AE-F652-4792-BD41-15CAA6B5876C}.Debug|Any CPU.ActiveCfg = Debug|Any CPU
		{BFE692AE-F652-4792-BD41-15CAA6B5876C}.Debug|Any CPU.Build.0 = Debug|Any CPU
		{BFE692AE-F652-4792-BD41-15CAA6B5876C}.Release|Any CPU.ActiveCfg = Release|Any CPU
		{BFE692AE-F652-4792-BD41-15CAA6B5876C}.Release|Any CPU.Build.0 = Release|Any CPU
		{610929BF-A6A9-4207-A92A-5C127E61AE5D}.Debug|Any CPU.ActiveCfg = Debug|Any CPU
		{610929BF-A6A9-4207-A92A-5C127E61AE5D}.Debug|Any CPU.Build.0 = Debug|Any CPU
		{610929BF-A6A9-4207-A92A-5C127E61AE5D}.Release|Any CPU.ActiveCfg = Release|Any CPU
		{610929BF-A6A9-4207-A92A-5C127E61AE5D}.Release|Any CPU.Build.0 = Release|Any CPU
		{57D3A507-25C1-4FC7-97D7-6C28DF41E96B}.Debug|Any CPU.ActiveCfg = Debug|Any CPU
		{57D3A507-25C1-4FC7-97D7-6C28DF41E96B}.Debug|Any CPU.Build.0 = Debug|Any CPU
		{57D3A507-25C1-4FC7-97D7-6C28DF41E96B}.Release|Any CPU.ActiveCfg = Release|Any CPU
		{57D3A507-25C1-4FC7-97D7-6C28DF41E96B}.Release|Any CPU.Build.0 = Release|Any CPU
		{7D295262-45F1-4F25-A012-901A684B494E}.Debug|Any CPU.ActiveCfg = Debug|Any CPU
		{7D295262-45F1-4F25-A012-901A684B494E}.Debug|Any CPU.Build.0 = Debug|Any CPU
		{7D295262-45F1-4F25-A012-901A684B494E}.Release|Any CPU.ActiveCfg = Release|Any CPU
		{7D295262-45F1-4F25-A012-901A684B494E}.Release|Any CPU.Build.0 = Release|Any CPU
		{7DCA082E-3D52-4074-AD56-AD2305BAF11C}.Debug|Any CPU.ActiveCfg = Debug|Any CPU
		{7DCA082E-3D52-4074-AD56-AD2305BAF11C}.Debug|Any CPU.Build.0 = Debug|Any CPU
		{7DCA082E-3D52-4074-AD56-AD2305BAF11C}.Release|Any CPU.ActiveCfg = Release|Any CPU
		{7DCA082E-3D52-4074-AD56-AD2305BAF11C}.Release|Any CPU.Build.0 = Release|Any CPU
		{BC838447-842B-49DC-8B1D-E185BEB2461B}.Debug|Any CPU.ActiveCfg = Debug|Any CPU
		{BC838447-842B-49DC-8B1D-E185BEB2461B}.Debug|Any CPU.Build.0 = Debug|Any CPU
		{BC838447-842B-49DC-8B1D-E185BEB2461B}.Release|Any CPU.ActiveCfg = Release|Any CPU
		{BC838447-842B-49DC-8B1D-E185BEB2461B}.Release|Any CPU.Build.0 = Release|Any CPU
		{2FCEF156-D9ED-42CB-AA2D-9517A4988E74}.Debug|Any CPU.ActiveCfg = Debug|Any CPU
		{2FCEF156-D9ED-42CB-AA2D-9517A4988E74}.Debug|Any CPU.Build.0 = Debug|Any CPU
		{2FCEF156-D9ED-42CB-AA2D-9517A4988E74}.Release|Any CPU.ActiveCfg = Release|Any CPU
		{2FCEF156-D9ED-42CB-AA2D-9517A4988E74}.Release|Any CPU.Build.0 = Release|Any CPU
		{256636BA-1373-4489-B473-A8340A64F0AA}.Debug|Any CPU.ActiveCfg = Debug|Any CPU
		{256636BA-1373-4489-B473-A8340A64F0AA}.Debug|Any CPU.Build.0 = Debug|Any CPU
		{256636BA-1373-4489-B473-A8340A64F0AA}.Release|Any CPU.ActiveCfg = Release|Any CPU
		{256636BA-1373-4489-B473-A8340A64F0AA}.Release|Any CPU.Build.0 = Release|Any CPU
	EndGlobalSection
	GlobalSection(SolutionProperties) = preSolution
		HideSolutionNode = FALSE
	EndGlobalSection
	GlobalSection(NestedProjects) = preSolution
		{43F725A5-E169-46EA-8F8A-2C4DEDA98587} = {66D4E565-B50F-4912-BD72-C05C3FF4B8B6}
		{9A296642-55C3-40E4-A1F6-88D3B8C071B2} = {66D4E565-B50F-4912-BD72-C05C3FF4B8B6}
		{240A456E-A73F-4253-9BE0-92F633D69E69} = {66D4E565-B50F-4912-BD72-C05C3FF4B8B6}
		{7BF70EB9-27FA-46D7-B857-1D9B6D465127} = {66D4E565-B50F-4912-BD72-C05C3FF4B8B6}
		{50B8C8BB-356F-4085-B503-9890CE0D932A} = {66D4E565-B50F-4912-BD72-C05C3FF4B8B6}
		{5D7954D1-74F3-43B8-912A-FAFCD97FD6CA} = {66D4E565-B50F-4912-BD72-C05C3FF4B8B6}
		{71713F61-4CA7-4A0B-97A2-0C7694B85904} = {66D4E565-B50F-4912-BD72-C05C3FF4B8B6}
		{8DAAC02E-C54A-494F-B9E1-A69EBD15A59D} = {66D4E565-B50F-4912-BD72-C05C3FF4B8B6}
		{6B2CF74E-0A5B-4136-B057-CC2A961DF24E} = {BAED8D18-46A6-4438-BB3A-BF7EDDA3431F}
		{3B71933C-B73C-4BC5-BC28-9C6D901C5C9D} = {BAED8D18-46A6-4438-BB3A-BF7EDDA3431F}
		{2D9814B1-06DB-4742-8B9B-7CA5E392F490} = {BAED8D18-46A6-4438-BB3A-BF7EDDA3431F}
		{2E2F8C0E-86AE-4890-964D-A18F69798C3B} = {BAED8D18-46A6-4438-BB3A-BF7EDDA3431F}
		{5CC7E240-3CEC-46FD-9E6F-A7AE38F5742E} = {BAED8D18-46A6-4438-BB3A-BF7EDDA3431F}
		{BA39A5C9-3C0C-41D5-9FB7-254D5484F5F7} = {BAED8D18-46A6-4438-BB3A-BF7EDDA3431F}
		{C83F25BB-2DBA-4E6E-A24A-FA7FB0D40D96} = {BAED8D18-46A6-4438-BB3A-BF7EDDA3431F}
		{7C098BA9-D65C-4E06-9D4F-E879A56A8556} = {F69E15E1-53B6-4B8B-9062-C36027BE9AE6}
		{BFE692AE-F652-4792-BD41-15CAA6B5876C} = {F69E15E1-53B6-4B8B-9062-C36027BE9AE6}
		{610929BF-A6A9-4207-A92A-5C127E61AE5D} = {F69E15E1-53B6-4B8B-9062-C36027BE9AE6}
		{57D3A507-25C1-4FC7-97D7-6C28DF41E96B} = {F69E15E1-53B6-4B8B-9062-C36027BE9AE6}
		{7D295262-45F1-4F25-A012-901A684B494E} = {BAED8D18-46A6-4438-BB3A-BF7EDDA3431F}
		{7DCA082E-3D52-4074-AD56-AD2305BAF11C} = {BAED8D18-46A6-4438-BB3A-BF7EDDA3431F}
		{BC838447-842B-49DC-8B1D-E185BEB2461B} = {BAED8D18-46A6-4438-BB3A-BF7EDDA3431F}
		{2FCEF156-D9ED-42CB-AA2D-9517A4988E74} = {BAED8D18-46A6-4438-BB3A-BF7EDDA3431F}
		{256636BA-1373-4489-B473-A8340A64F0AA} = {BAED8D18-46A6-4438-BB3A-BF7EDDA3431F}
	EndGlobalSection
	GlobalSection(ExtensibilityGlobals) = postSolution
		SolutionGuid = {790D3E8F-FC08-475C-93FC-EAB5CB980E11}
	EndGlobalSection
EndGlobal
