
Microsoft Visual Studio Solution File, Format Version 12.00
# Visual Studio Version 16
VisualStudioVersion = 16.0.30406.217
MinimumVisualStudioVersion = 10.0.40219.1
Project("{2150E333-8FDC-42A3-9474-1A3956D46DE8}") = "FunctionalProgrammingLAB", "FunctionalProgrammingLAB", "{656AD92C-EDDA-40D9-9791-A143CAC4F38A}"
EndProject
Project("{9A19103F-16F7-4668-BE54-9A1E7A4F7556}") = "Practice", "Practice\Practice.csproj", "{8F15309F-4B7E-470A-91C8-2C2B7D83317B}"
EndProject
Project("{9A19103F-16F7-4668-BE54-9A1E7A4F7556}") = "LambdaExpressions", "LambdaExpressions\LambdaExpressions.csproj", "{4C3C8F5D-EE79-4E13-BC35-04ADA202E148}"
EndProject
Project("{9A19103F-16F7-4668-BE54-9A1E7A4F7556}") = "SortEvenNumbers", "SortEvenNumbers\SortEvenNumbers.csproj", "{50B23BD1-B3EB-48EB-A298-7FEC6CCA3FEF}"
EndProject
Project("{9A19103F-16F7-4668-BE54-9A1E7A4F7556}") = "SumNumbers", "SumNumbers\SumNumbers.csproj", "{E0A30EC3-BC68-4F10-A824-E0531BD59C08}"
EndProject
Project("{9A19103F-16F7-4668-BE54-9A1E7A4F7556}") = "Delegates", "Delegates\Delegates.csproj", "{1187E4B1-4436-4C1A-A6C9-38E28F592A0C}"
EndProject
Project("{9A19103F-16F7-4668-BE54-9A1E7A4F7556}") = "CountUppercaseWords", "CountUppercaseWords\CountUppercaseWords.csproj", "{75E8DB32-E741-4041-AF88-DB6DDF5BFF80}"
EndProject
Project("{9A19103F-16F7-4668-BE54-9A1E7A4F7556}") = "AddVAT", "AddVAT\AddVAT.csproj", "{6B892AB6-D39D-4724-93FF-80DDDB6C326D}"
EndProject
Project("{9A19103F-16F7-4668-BE54-9A1E7A4F7556}") = "FilterByAge", "FilterByAge\FilterByAge.csproj", "{D0A73C87-3788-4FDC-B3B3-28312D12CD8A}"
EndProject
Project("{2150E333-8FDC-42A3-9474-1A3956D46DE8}") = "FunctionalProgrammingEXERCISES", "FunctionalProgrammingEXERCISES", "{F13051AF-A099-4E22-A18D-E48F014EDFE6}"
EndProject
Project("{9A19103F-16F7-4668-BE54-9A1E7A4F7556}") = "ActionPrint", "ActionPoint\ActionPrint.csproj", "{90577F63-A444-4743-8C74-66E9069DBB11}"
EndProject
Project("{9A19103F-16F7-4668-BE54-9A1E7A4F7556}") = "KnightsOfHonor", "KnightsOfHonor\KnightsOfHonor.csproj", "{73B1AF05-60D0-4226-AC45-06A8AB3211CC}"
EndProject
Project("{9A19103F-16F7-4668-BE54-9A1E7A4F7556}") = "CustomMinFunc", "CustomMinFunc\CustomMinFunc.csproj", "{661A0672-E812-4802-85C6-F3A620A5CCD5}"
EndProject
Project("{9A19103F-16F7-4668-BE54-9A1E7A4F7556}") = "FindEvenOrOdds", "FindEvenOrOdds\FindEvenOrOdds.csproj", "{E6D4BCD6-1914-4514-B0FF-D704D8FC7314}"
EndProject
Project("{9A19103F-16F7-4668-BE54-9A1E7A4F7556}") = "AppliedArithmetics", "AppliedArithmetics\AppliedArithmetics.csproj", "{80C1CEAD-ADC1-4F53-9264-54BFB2F3FCF2}"
EndProject
Project("{9A19103F-16F7-4668-BE54-9A1E7A4F7556}") = "ReverseAndExclude", "ReverseAndExclude\ReverseAndExclude.csproj", "{D0A730D4-ADD7-4E2B-B3CB-0CA1A9F4C11C}"
EndProject
Project("{9A19103F-16F7-4668-BE54-9A1E7A4F7556}") = "PredicateForNames", "PredicateForNames\PredicateForNames.csproj", "{D9498DFD-7F1D-49F0-A503-67C923F3E3D4}"
EndProject
Project("{9A19103F-16F7-4668-BE54-9A1E7A4F7556}") = "CustomComparator", "CustomComparator\CustomComparator.csproj", "{5CEB1D46-B023-4C2F-8991-7664E83FEA87}"
EndProject
Project("{9A19103F-16F7-4668-BE54-9A1E7A4F7556}") = "ListOfPredicates", "ListOfPredicates\ListOfPredicates.csproj", "{03BAF031-737F-4813-9996-3342EBF99B32}"
EndProject
Project("{9A19103F-16F7-4668-BE54-9A1E7A4F7556}") = "PredicateParty", "PredicateParty\PredicateParty.csproj", "{59075FFA-AB2F-43C2-BAB7-64F0F95ECD97}"
EndProject
Project("{9A19103F-16F7-4668-BE54-9A1E7A4F7556}") = "PartyReservationFilterModule", "PartyReservationFilterModule\PartyReservationFilterModule.csproj", "{215C7317-C2ED-4DBA-9E5C-CA4AA0AEC519}"
EndProject
Project("{FAE04EC0-301F-11D3-BF4B-00C04F79EFBC}") = "TriFunction", "TriFunction\TriFunction.csproj", "{2787C0B4-DB91-461D-AA16-74D3130D48FA}"
EndProject
Global
	GlobalSection(SolutionConfigurationPlatforms) = preSolution
		Debug|Any CPU = Debug|Any CPU
		Release|Any CPU = Release|Any CPU
	EndGlobalSection
	GlobalSection(ProjectConfigurationPlatforms) = postSolution
		{8F15309F-4B7E-470A-91C8-2C2B7D83317B}.Debug|Any CPU.ActiveCfg = Debug|Any CPU
		{8F15309F-4B7E-470A-91C8-2C2B7D83317B}.Debug|Any CPU.Build.0 = Debug|Any CPU
		{8F15309F-4B7E-470A-91C8-2C2B7D83317B}.Release|Any CPU.ActiveCfg = Release|Any CPU
		{8F15309F-4B7E-470A-91C8-2C2B7D83317B}.Release|Any CPU.Build.0 = Release|Any CPU
		{4C3C8F5D-EE79-4E13-BC35-04ADA202E148}.Debug|Any CPU.ActiveCfg = Debug|Any CPU
		{4C3C8F5D-EE79-4E13-BC35-04ADA202E148}.Debug|Any CPU.Build.0 = Debug|Any CPU
		{4C3C8F5D-EE79-4E13-BC35-04ADA202E148}.Release|Any CPU.ActiveCfg = Release|Any CPU
		{4C3C8F5D-EE79-4E13-BC35-04ADA202E148}.Release|Any CPU.Build.0 = Release|Any CPU
		{50B23BD1-B3EB-48EB-A298-7FEC6CCA3FEF}.Debug|Any CPU.ActiveCfg = Debug|Any CPU
		{50B23BD1-B3EB-48EB-A298-7FEC6CCA3FEF}.Debug|Any CPU.Build.0 = Debug|Any CPU
		{50B23BD1-B3EB-48EB-A298-7FEC6CCA3FEF}.Release|Any CPU.ActiveCfg = Release|Any CPU
		{50B23BD1-B3EB-48EB-A298-7FEC6CCA3FEF}.Release|Any CPU.Build.0 = Release|Any CPU
		{E0A30EC3-BC68-4F10-A824-E0531BD59C08}.Debug|Any CPU.ActiveCfg = Debug|Any CPU
		{E0A30EC3-BC68-4F10-A824-E0531BD59C08}.Debug|Any CPU.Build.0 = Debug|Any CPU
		{E0A30EC3-BC68-4F10-A824-E0531BD59C08}.Release|Any CPU.ActiveCfg = Release|Any CPU
		{E0A30EC3-BC68-4F10-A824-E0531BD59C08}.Release|Any CPU.Build.0 = Release|Any CPU
		{1187E4B1-4436-4C1A-A6C9-38E28F592A0C}.Debug|Any CPU.ActiveCfg = Debug|Any CPU
		{1187E4B1-4436-4C1A-A6C9-38E28F592A0C}.Debug|Any CPU.Build.0 = Debug|Any CPU
		{1187E4B1-4436-4C1A-A6C9-38E28F592A0C}.Release|Any CPU.ActiveCfg = Release|Any CPU
		{1187E4B1-4436-4C1A-A6C9-38E28F592A0C}.Release|Any CPU.Build.0 = Release|Any CPU
		{75E8DB32-E741-4041-AF88-DB6DDF5BFF80}.Debug|Any CPU.ActiveCfg = Debug|Any CPU
		{75E8DB32-E741-4041-AF88-DB6DDF5BFF80}.Debug|Any CPU.Build.0 = Debug|Any CPU
		{75E8DB32-E741-4041-AF88-DB6DDF5BFF80}.Release|Any CPU.ActiveCfg = Release|Any CPU
		{75E8DB32-E741-4041-AF88-DB6DDF5BFF80}.Release|Any CPU.Build.0 = Release|Any CPU
		{6B892AB6-D39D-4724-93FF-80DDDB6C326D}.Debug|Any CPU.ActiveCfg = Debug|Any CPU
		{6B892AB6-D39D-4724-93FF-80DDDB6C326D}.Debug|Any CPU.Build.0 = Debug|Any CPU
		{6B892AB6-D39D-4724-93FF-80DDDB6C326D}.Release|Any CPU.ActiveCfg = Release|Any CPU
		{6B892AB6-D39D-4724-93FF-80DDDB6C326D}.Release|Any CPU.Build.0 = Release|Any CPU
		{D0A73C87-3788-4FDC-B3B3-28312D12CD8A}.Debug|Any CPU.ActiveCfg = Debug|Any CPU
		{D0A73C87-3788-4FDC-B3B3-28312D12CD8A}.Debug|Any CPU.Build.0 = Debug|Any CPU
		{D0A73C87-3788-4FDC-B3B3-28312D12CD8A}.Release|Any CPU.ActiveCfg = Release|Any CPU
		{D0A73C87-3788-4FDC-B3B3-28312D12CD8A}.Release|Any CPU.Build.0 = Release|Any CPU
		{90577F63-A444-4743-8C74-66E9069DBB11}.Debug|Any CPU.ActiveCfg = Debug|Any CPU
		{90577F63-A444-4743-8C74-66E9069DBB11}.Debug|Any CPU.Build.0 = Debug|Any CPU
		{90577F63-A444-4743-8C74-66E9069DBB11}.Release|Any CPU.ActiveCfg = Release|Any CPU
		{90577F63-A444-4743-8C74-66E9069DBB11}.Release|Any CPU.Build.0 = Release|Any CPU
		{73B1AF05-60D0-4226-AC45-06A8AB3211CC}.Debug|Any CPU.ActiveCfg = Debug|Any CPU
		{73B1AF05-60D0-4226-AC45-06A8AB3211CC}.Debug|Any CPU.Build.0 = Debug|Any CPU
		{73B1AF05-60D0-4226-AC45-06A8AB3211CC}.Release|Any CPU.ActiveCfg = Release|Any CPU
		{73B1AF05-60D0-4226-AC45-06A8AB3211CC}.Release|Any CPU.Build.0 = Release|Any CPU
		{661A0672-E812-4802-85C6-F3A620A5CCD5}.Debug|Any CPU.ActiveCfg = Debug|Any CPU
		{661A0672-E812-4802-85C6-F3A620A5CCD5}.Debug|Any CPU.Build.0 = Debug|Any CPU
		{661A0672-E812-4802-85C6-F3A620A5CCD5}.Release|Any CPU.ActiveCfg = Release|Any CPU
		{661A0672-E812-4802-85C6-F3A620A5CCD5}.Release|Any CPU.Build.0 = Release|Any CPU
		{E6D4BCD6-1914-4514-B0FF-D704D8FC7314}.Debug|Any CPU.ActiveCfg = Debug|Any CPU
		{E6D4BCD6-1914-4514-B0FF-D704D8FC7314}.Debug|Any CPU.Build.0 = Debug|Any CPU
		{E6D4BCD6-1914-4514-B0FF-D704D8FC7314}.Release|Any CPU.ActiveCfg = Release|Any CPU
		{E6D4BCD6-1914-4514-B0FF-D704D8FC7314}.Release|Any CPU.Build.0 = Release|Any CPU
		{80C1CEAD-ADC1-4F53-9264-54BFB2F3FCF2}.Debug|Any CPU.ActiveCfg = Debug|Any CPU
		{80C1CEAD-ADC1-4F53-9264-54BFB2F3FCF2}.Debug|Any CPU.Build.0 = Debug|Any CPU
		{80C1CEAD-ADC1-4F53-9264-54BFB2F3FCF2}.Release|Any CPU.ActiveCfg = Release|Any CPU
		{80C1CEAD-ADC1-4F53-9264-54BFB2F3FCF2}.Release|Any CPU.Build.0 = Release|Any CPU
		{D0A730D4-ADD7-4E2B-B3CB-0CA1A9F4C11C}.Debug|Any CPU.ActiveCfg = Debug|Any CPU
		{D0A730D4-ADD7-4E2B-B3CB-0CA1A9F4C11C}.Debug|Any CPU.Build.0 = Debug|Any CPU
		{D0A730D4-ADD7-4E2B-B3CB-0CA1A9F4C11C}.Release|Any CPU.ActiveCfg = Release|Any CPU
		{D0A730D4-ADD7-4E2B-B3CB-0CA1A9F4C11C}.Release|Any CPU.Build.0 = Release|Any CPU
		{D9498DFD-7F1D-49F0-A503-67C923F3E3D4}.Debug|Any CPU.ActiveCfg = Debug|Any CPU
		{D9498DFD-7F1D-49F0-A503-67C923F3E3D4}.Debug|Any CPU.Build.0 = Debug|Any CPU
		{D9498DFD-7F1D-49F0-A503-67C923F3E3D4}.Release|Any CPU.ActiveCfg = Release|Any CPU
		{D9498DFD-7F1D-49F0-A503-67C923F3E3D4}.Release|Any CPU.Build.0 = Release|Any CPU
		{5CEB1D46-B023-4C2F-8991-7664E83FEA87}.Debug|Any CPU.ActiveCfg = Debug|Any CPU
		{5CEB1D46-B023-4C2F-8991-7664E83FEA87}.Debug|Any CPU.Build.0 = Debug|Any CPU
		{5CEB1D46-B023-4C2F-8991-7664E83FEA87}.Release|Any CPU.ActiveCfg = Release|Any CPU
		{5CEB1D46-B023-4C2F-8991-7664E83FEA87}.Release|Any CPU.Build.0 = Release|Any CPU
		{03BAF031-737F-4813-9996-3342EBF99B32}.Debug|Any CPU.ActiveCfg = Debug|Any CPU
		{03BAF031-737F-4813-9996-3342EBF99B32}.Debug|Any CPU.Build.0 = Debug|Any CPU
		{03BAF031-737F-4813-9996-3342EBF99B32}.Release|Any CPU.ActiveCfg = Release|Any CPU
		{03BAF031-737F-4813-9996-3342EBF99B32}.Release|Any CPU.Build.0 = Release|Any CPU
		{59075FFA-AB2F-43C2-BAB7-64F0F95ECD97}.Debug|Any CPU.ActiveCfg = Debug|Any CPU
		{59075FFA-AB2F-43C2-BAB7-64F0F95ECD97}.Debug|Any CPU.Build.0 = Debug|Any CPU
		{59075FFA-AB2F-43C2-BAB7-64F0F95ECD97}.Release|Any CPU.ActiveCfg = Release|Any CPU
		{59075FFA-AB2F-43C2-BAB7-64F0F95ECD97}.Release|Any CPU.Build.0 = Release|Any CPU
		{215C7317-C2ED-4DBA-9E5C-CA4AA0AEC519}.Debug|Any CPU.ActiveCfg = Debug|Any CPU
		{215C7317-C2ED-4DBA-9E5C-CA4AA0AEC519}.Debug|Any CPU.Build.0 = Debug|Any CPU
		{215C7317-C2ED-4DBA-9E5C-CA4AA0AEC519}.Release|Any CPU.ActiveCfg = Release|Any CPU
		{215C7317-C2ED-4DBA-9E5C-CA4AA0AEC519}.Release|Any CPU.Build.0 = Release|Any CPU
		{2787C0B4-DB91-461D-AA16-74D3130D48FA}.Debug|Any CPU.ActiveCfg = Debug|Any CPU
		{2787C0B4-DB91-461D-AA16-74D3130D48FA}.Debug|Any CPU.Build.0 = Debug|Any CPU
		{2787C0B4-DB91-461D-AA16-74D3130D48FA}.Release|Any CPU.ActiveCfg = Release|Any CPU
		{2787C0B4-DB91-461D-AA16-74D3130D48FA}.Release|Any CPU.Build.0 = Release|Any CPU
	EndGlobalSection
	GlobalSection(SolutionProperties) = preSolution
		HideSolutionNode = FALSE
	EndGlobalSection
	GlobalSection(NestedProjects) = preSolution
		{8F15309F-4B7E-470A-91C8-2C2B7D83317B} = {656AD92C-EDDA-40D9-9791-A143CAC4F38A}
		{4C3C8F5D-EE79-4E13-BC35-04ADA202E148} = {656AD92C-EDDA-40D9-9791-A143CAC4F38A}
		{50B23BD1-B3EB-48EB-A298-7FEC6CCA3FEF} = {656AD92C-EDDA-40D9-9791-A143CAC4F38A}
		{E0A30EC3-BC68-4F10-A824-E0531BD59C08} = {656AD92C-EDDA-40D9-9791-A143CAC4F38A}
		{1187E4B1-4436-4C1A-A6C9-38E28F592A0C} = {656AD92C-EDDA-40D9-9791-A143CAC4F38A}
		{75E8DB32-E741-4041-AF88-DB6DDF5BFF80} = {656AD92C-EDDA-40D9-9791-A143CAC4F38A}
		{6B892AB6-D39D-4724-93FF-80DDDB6C326D} = {656AD92C-EDDA-40D9-9791-A143CAC4F38A}
		{D0A73C87-3788-4FDC-B3B3-28312D12CD8A} = {656AD92C-EDDA-40D9-9791-A143CAC4F38A}
		{90577F63-A444-4743-8C74-66E9069DBB11} = {F13051AF-A099-4E22-A18D-E48F014EDFE6}
		{73B1AF05-60D0-4226-AC45-06A8AB3211CC} = {F13051AF-A099-4E22-A18D-E48F014EDFE6}
		{661A0672-E812-4802-85C6-F3A620A5CCD5} = {F13051AF-A099-4E22-A18D-E48F014EDFE6}
		{E6D4BCD6-1914-4514-B0FF-D704D8FC7314} = {F13051AF-A099-4E22-A18D-E48F014EDFE6}
		{80C1CEAD-ADC1-4F53-9264-54BFB2F3FCF2} = {F13051AF-A099-4E22-A18D-E48F014EDFE6}
		{D0A730D4-ADD7-4E2B-B3CB-0CA1A9F4C11C} = {F13051AF-A099-4E22-A18D-E48F014EDFE6}
		{D9498DFD-7F1D-49F0-A503-67C923F3E3D4} = {F13051AF-A099-4E22-A18D-E48F014EDFE6}
		{5CEB1D46-B023-4C2F-8991-7664E83FEA87} = {F13051AF-A099-4E22-A18D-E48F014EDFE6}
		{03BAF031-737F-4813-9996-3342EBF99B32} = {F13051AF-A099-4E22-A18D-E48F014EDFE6}
		{59075FFA-AB2F-43C2-BAB7-64F0F95ECD97} = {F13051AF-A099-4E22-A18D-E48F014EDFE6}
		{215C7317-C2ED-4DBA-9E5C-CA4AA0AEC519} = {F13051AF-A099-4E22-A18D-E48F014EDFE6}
		{2787C0B4-DB91-461D-AA16-74D3130D48FA} = {F13051AF-A099-4E22-A18D-E48F014EDFE6}
	EndGlobalSection
	GlobalSection(ExtensibilityGlobals) = postSolution
		SolutionGuid = {A712FABA-E631-4F51-A278-7BCEC87F81C5}
	EndGlobalSection
EndGlobal
