
Microsoft Visual Studio Solution File, Format Version 12.00
# Visual Studio Version 16
VisualStudioVersion = 16.0.30406.217
MinimumVisualStudioVersion = 10.0.40219.1
Project("{2150E333-8FDC-42A3-9474-1A3956D46DE8}") = "FunctionalProgrammingLAB", "FunctionalProgrammingLAB", "{656AD92C-EDDA-40D9-9791-A143CAC4F38A}"
EndProject
Project("{FAE04EC0-301F-11D3-BF4B-00C04F79EFBC}") = "Practice", "Practice\Practice.csproj", "{8F15309F-4B7E-470A-91C8-2C2B7D83317B}"
EndProject
Project("{FAE04EC0-301F-11D3-BF4B-00C04F79EFBC}") = "LambdaExpressions", "LambdaExpressions\LambdaExpressions.csproj", "{4C3C8F5D-EE79-4E13-BC35-04ADA202E148}"
EndProject
Project("{FAE04EC0-301F-11D3-BF4B-00C04F79EFBC}") = "SortEvenNumbers", "SortEvenNumbers\SortEvenNumbers.csproj", "{50B23BD1-B3EB-48EB-A298-7FEC6CCA3FEF}"
EndProject
Project("{FAE04EC0-301F-11D3-BF4B-00C04F79EFBC}") = "SumNumbers", "SumNumbers\SumNumbers.csproj", "{E0A30EC3-BC68-4F10-A824-E0531BD59C08}"
EndProject
Project("{FAE04EC0-301F-11D3-BF4B-00C04F79EFBC}") = "Delegates", "Delegates\Delegates.csproj", "{1187E4B1-4436-4C1A-A6C9-38E28F592A0C}"
EndProject
Project("{FAE04EC0-301F-11D3-BF4B-00C04F79EFBC}") = "CountUppercaseWords", "CountUppercaseWords\CountUppercaseWords.csproj", "{75E8DB32-E741-4041-AF88-DB6DDF5BFF80}"
EndProject
Project("{FAE04EC0-301F-11D3-BF4B-00C04F79EFBC}") = "AddVAT", "AddVAT\AddVAT.csproj", "{6B892AB6-D39D-4724-93FF-80DDDB6C326D}"
EndProject
Project("{FAE04EC0-301F-11D3-BF4B-00C04F79EFBC}") = "FilterByAge", "FilterByAge\FilterByAge.csproj", "{D0A73C87-3788-4FDC-B3B3-28312D12CD8A}"
EndProject
Global
	GlobalSection(SolutionConfigurationPlatforms) = preSolution
		Debug|Any CPU = Debug|Any CPU
		Release|Any CPU = Release|Any CPU
	EndGlobalSection
	GlobalSection(ProjectConfigurationPlatforms) = postSolution
		{8F15309F-4B7E-470A-91C8-2C2B7D83317B}.Debug|Any CPU.ActiveCfg = Debug|Any CPU
		{8F15309F-4B7E-470A-91C8-2C2B7D83317B}.Debug|Any CPU.Build.0 = Debug|Any CPU
		{8F15309F-4B7E-470A-91C8-2C2B7D83317B}.Release|Any CPU.ActiveCfg = Release|Any CPU
		{8F15309F-4B7E-470A-91C8-2C2B7D83317B}.Release|Any CPU.Build.0 = Release|Any CPU
		{4C3C8F5D-EE79-4E13-BC35-04ADA202E148}.Debug|Any CPU.ActiveCfg = Debug|Any CPU
		{4C3C8F5D-EE79-4E13-BC35-04ADA202E148}.Debug|Any CPU.Build.0 = Debug|Any CPU
		{4C3C8F5D-EE79-4E13-BC35-04ADA202E148}.Release|Any CPU.ActiveCfg = Release|Any CPU
		{4C3C8F5D-EE79-4E13-BC35-04ADA202E148}.Release|Any CPU.Build.0 = Release|Any CPU
		{50B23BD1-B3EB-48EB-A298-7FEC6CCA3FEF}.Debug|Any CPU.ActiveCfg = Debug|Any CPU
		{50B23BD1-B3EB-48EB-A298-7FEC6CCA3FEF}.Debug|Any CPU.Build.0 = Debug|Any CPU
		{50B23BD1-B3EB-48EB-A298-7FEC6CCA3FEF}.Release|Any CPU.ActiveCfg = Release|Any CPU
		{50B23BD1-B3EB-48EB-A298-7FEC6CCA3FEF}.Release|Any CPU.Build.0 = Release|Any CPU
		{E0A30EC3-BC68-4F10-A824-E0531BD59C08}.Debug|Any CPU.ActiveCfg = Debug|Any CPU
		{E0A30EC3-BC68-4F10-A824-E0531BD59C08}.Debug|Any CPU.Build.0 = Debug|Any CPU
		{E0A30EC3-BC68-4F10-A824-E0531BD59C08}.Release|Any CPU.ActiveCfg = Release|Any CPU
		{E0A30EC3-BC68-4F10-A824-E0531BD59C08}.Release|Any CPU.Build.0 = Release|Any CPU
		{1187E4B1-4436-4C1A-A6C9-38E28F592A0C}.Debug|Any CPU.ActiveCfg = Debug|Any CPU
		{1187E4B1-4436-4C1A-A6C9-38E28F592A0C}.Debug|Any CPU.Build.0 = Debug|Any CPU
		{1187E4B1-4436-4C1A-A6C9-38E28F592A0C}.Release|Any CPU.ActiveCfg = Release|Any CPU
		{1187E4B1-4436-4C1A-A6C9-38E28F592A0C}.Release|Any CPU.Build.0 = Release|Any CPU
		{75E8DB32-E741-4041-AF88-DB6DDF5BFF80}.Debug|Any CPU.ActiveCfg = Debug|Any CPU
		{75E8DB32-E741-4041-AF88-DB6DDF5BFF80}.Debug|Any CPU.Build.0 = Debug|Any CPU
		{75E8DB32-E741-4041-AF88-DB6DDF5BFF80}.Release|Any CPU.ActiveCfg = Release|Any CPU
		{75E8DB32-E741-4041-AF88-DB6DDF5BFF80}.Release|Any CPU.Build.0 = Release|Any CPU
		{6B892AB6-D39D-4724-93FF-80DDDB6C326D}.Debug|Any CPU.ActiveCfg = Debug|Any CPU
		{6B892AB6-D39D-4724-93FF-80DDDB6C326D}.Debug|Any CPU.Build.0 = Debug|Any CPU
		{6B892AB6-D39D-4724-93FF-80DDDB6C326D}.Release|Any CPU.ActiveCfg = Release|Any CPU
		{6B892AB6-D39D-4724-93FF-80DDDB6C326D}.Release|Any CPU.Build.0 = Release|Any CPU
		{D0A73C87-3788-4FDC-B3B3-28312D12CD8A}.Debug|Any CPU.ActiveCfg = Debug|Any CPU
		{D0A73C87-3788-4FDC-B3B3-28312D12CD8A}.Debug|Any CPU.Build.0 = Debug|Any CPU
		{D0A73C87-3788-4FDC-B3B3-28312D12CD8A}.Release|Any CPU.ActiveCfg = Release|Any CPU
		{D0A73C87-3788-4FDC-B3B3-28312D12CD8A}.Release|Any CPU.Build.0 = Release|Any CPU
	EndGlobalSection
	GlobalSection(SolutionProperties) = preSolution
		HideSolutionNode = FALSE
	EndGlobalSection
	GlobalSection(NestedProjects) = preSolution
		{8F15309F-4B7E-470A-91C8-2C2B7D83317B} = {656AD92C-EDDA-40D9-9791-A143CAC4F38A}
		{4C3C8F5D-EE79-4E13-BC35-04ADA202E148} = {656AD92C-EDDA-40D9-9791-A143CAC4F38A}
		{50B23BD1-B3EB-48EB-A298-7FEC6CCA3FEF} = {656AD92C-EDDA-40D9-9791-A143CAC4F38A}
		{E0A30EC3-BC68-4F10-A824-E0531BD59C08} = {656AD92C-EDDA-40D9-9791-A143CAC4F38A}
		{1187E4B1-4436-4C1A-A6C9-38E28F592A0C} = {656AD92C-EDDA-40D9-9791-A143CAC4F38A}
		{75E8DB32-E741-4041-AF88-DB6DDF5BFF80} = {656AD92C-EDDA-40D9-9791-A143CAC4F38A}
		{6B892AB6-D39D-4724-93FF-80DDDB6C326D} = {656AD92C-EDDA-40D9-9791-A143CAC4F38A}
		{D0A73C87-3788-4FDC-B3B3-28312D12CD8A} = {656AD92C-EDDA-40D9-9791-A143CAC4F38A}
	EndGlobalSection
	GlobalSection(ExtensibilityGlobals) = postSolution
		SolutionGuid = {A712FABA-E631-4F51-A278-7BCEC87F81C5}
	EndGlobalSection
EndGlobal
