
Microsoft Visual Studio Solution File, Format Version 12.00
# Visual Studio Version 16
VisualStudioVersion = 16.0.30406.217
MinimumVisualStudioVersion = 10.0.40219.1
Project("{2150E333-8FDC-42A3-9474-1A3956D46DE8}") = "SetsAndDictionariesAdvancedLAB", "SetsAndDictionariesAdvancedLAB", "{FEAD8B74-6004-4A8D-96FF-C31136B6C5C4}"
EndProject
Project("{9A19103F-16F7-4668-BE54-9A1E7A4F7556}") = "CountSameValuesInArray", "CountSameValuesInArray\CountSameValuesInArray.csproj", "{9DFC8DC2-E37F-4BFC-858C-D1EC6D356F19}"
EndProject
Project("{9A19103F-16F7-4668-BE54-9A1E7A4F7556}") = "Practice", "Practice\Practice.csproj", "{07380ED3-2838-4260-ABD1-CC044F765532}"
EndProject
Project("{9A19103F-16F7-4668-BE54-9A1E7A4F7556}") = "AverageStudentGrades", "AverageStudentGrades\AverageStudentGrades.csproj", "{B8590A70-E6F5-4C85-8690-5623AFB98983}"
EndProject
Project("{9A19103F-16F7-4668-BE54-9A1E7A4F7556}") = "ProductShop", "ProductShop\ProductShop.csproj", "{420C311A-FB9F-48E2-AD0E-6ECAC90CA262}"
EndProject
Project("{9A19103F-16F7-4668-BE54-9A1E7A4F7556}") = "CitiesByContinentAndCountry", "CitiesByContinentAndCountry\CitiesByContinentAndCountry.csproj", "{90D24CB8-E9D9-48D6-8878-3D19517EDA35}"
EndProject
Project("{9A19103F-16F7-4668-BE54-9A1E7A4F7556}") = "RecordUniqueNames", "RecordUniqueNames\RecordUniqueNames.csproj", "{6A9EC660-5C91-49DA-AAFD-FD97FCA3F1DF}"
EndProject
Project("{9A19103F-16F7-4668-BE54-9A1E7A4F7556}") = "ParkingLot", "ParkingLot\ParkingLot.csproj", "{6B2D209F-7572-4784-BD72-FB644AD7C763}"
EndProject
Project("{9A19103F-16F7-4668-BE54-9A1E7A4F7556}") = "SoftUniParty", "SoftUniParty\SoftUniParty.csproj", "{E5407610-F73A-4BC4-8688-F1F0DE165B5C}"
EndProject
Project("{2150E333-8FDC-42A3-9474-1A3956D46DE8}") = "SetsAndDictionariesAdvancedEXERCISE", "SetsAndDictionariesAdvancedEXERCISE", "{5A5D2037-62B5-401F-BA23-85C5881E1061}"
EndProject
Project("{9A19103F-16F7-4668-BE54-9A1E7A4F7556}") = "UniqueUsernames", "UniqueUsernames\UniqueUsernames.csproj", "{4B98F4BD-90C8-4B11-AB8B-DA405A3A7E4A}"
EndProject
Project("{9A19103F-16F7-4668-BE54-9A1E7A4F7556}") = "SetsOfElements", "SetsOfElements\SetsOfElements.csproj", "{FB521B7C-9555-41B1-8094-DD963E261A09}"
EndProject
Project("{9A19103F-16F7-4668-BE54-9A1E7A4F7556}") = "PeriodicTable", "PeriodicTable\PeriodicTable.csproj", "{24D21A59-919E-4EF9-931A-F375B02582E3}"
EndProject
Project("{9A19103F-16F7-4668-BE54-9A1E7A4F7556}") = "EvenTimes", "EvenTimes\EvenTimes.csproj", "{66CA68A7-E399-4C98-8F1A-C807998ED3FF}"
EndProject
Project("{9A19103F-16F7-4668-BE54-9A1E7A4F7556}") = "CountSymbols", "CountSymbols\CountSymbols.csproj", "{35D67D8A-03B9-4946-9CDE-A8BAF731BE5C}"
EndProject
Project("{9A19103F-16F7-4668-BE54-9A1E7A4F7556}") = "Wardrobe", "Wardrobe\Wardrobe.csproj", "{47F7EEA5-97AC-47CE-93B7-EB4F06852891}"
EndProject
Project("{9A19103F-16F7-4668-BE54-9A1E7A4F7556}") = "TheV-Logger", "TheV-Logger\TheV-Logger.csproj", "{3B739F33-189E-4E70-B8DD-0210FF1AF80D}"
EndProject
Project("{9A19103F-16F7-4668-BE54-9A1E7A4F7556}") = "Ranking", "Ranking\Ranking.csproj", "{92C67862-05A4-4B30-A51C-A29FEE56FAA2}"
EndProject
Project("{9A19103F-16F7-4668-BE54-9A1E7A4F7556}") = "Sets", "Shop\Sets.csproj", "{52A4368F-26BE-47E8-945E-D933B4CB0517}"
EndProject
Global
	GlobalSection(SolutionConfigurationPlatforms) = preSolution
		Debug|Any CPU = Debug|Any CPU
		Release|Any CPU = Release|Any CPU
	EndGlobalSection
	GlobalSection(ProjectConfigurationPlatforms) = postSolution
		{9DFC8DC2-E37F-4BFC-858C-D1EC6D356F19}.Debug|Any CPU.ActiveCfg = Debug|Any CPU
		{9DFC8DC2-E37F-4BFC-858C-D1EC6D356F19}.Debug|Any CPU.Build.0 = Debug|Any CPU
		{9DFC8DC2-E37F-4BFC-858C-D1EC6D356F19}.Release|Any CPU.ActiveCfg = Release|Any CPU
		{9DFC8DC2-E37F-4BFC-858C-D1EC6D356F19}.Release|Any CPU.Build.0 = Release|Any CPU
		{07380ED3-2838-4260-ABD1-CC044F765532}.Debug|Any CPU.ActiveCfg = Debug|Any CPU
		{07380ED3-2838-4260-ABD1-CC044F765532}.Debug|Any CPU.Build.0 = Debug|Any CPU
		{07380ED3-2838-4260-ABD1-CC044F765532}.Release|Any CPU.ActiveCfg = Release|Any CPU
		{07380ED3-2838-4260-ABD1-CC044F765532}.Release|Any CPU.Build.0 = Release|Any CPU
		{B8590A70-E6F5-4C85-8690-5623AFB98983}.Debug|Any CPU.ActiveCfg = Debug|Any CPU
		{B8590A70-E6F5-4C85-8690-5623AFB98983}.Debug|Any CPU.Build.0 = Debug|Any CPU
		{B8590A70-E6F5-4C85-8690-5623AFB98983}.Release|Any CPU.ActiveCfg = Release|Any CPU
		{B8590A70-E6F5-4C85-8690-5623AFB98983}.Release|Any CPU.Build.0 = Release|Any CPU
		{420C311A-FB9F-48E2-AD0E-6ECAC90CA262}.Debug|Any CPU.ActiveCfg = Debug|Any CPU
		{420C311A-FB9F-48E2-AD0E-6ECAC90CA262}.Debug|Any CPU.Build.0 = Debug|Any CPU
		{420C311A-FB9F-48E2-AD0E-6ECAC90CA262}.Release|Any CPU.ActiveCfg = Release|Any CPU
		{420C311A-FB9F-48E2-AD0E-6ECAC90CA262}.Release|Any CPU.Build.0 = Release|Any CPU
		{90D24CB8-E9D9-48D6-8878-3D19517EDA35}.Debug|Any CPU.ActiveCfg = Debug|Any CPU
		{90D24CB8-E9D9-48D6-8878-3D19517EDA35}.Debug|Any CPU.Build.0 = Debug|Any CPU
		{90D24CB8-E9D9-48D6-8878-3D19517EDA35}.Release|Any CPU.ActiveCfg = Release|Any CPU
		{90D24CB8-E9D9-48D6-8878-3D19517EDA35}.Release|Any CPU.Build.0 = Release|Any CPU
		{6A9EC660-5C91-49DA-AAFD-FD97FCA3F1DF}.Debug|Any CPU.ActiveCfg = Debug|Any CPU
		{6A9EC660-5C91-49DA-AAFD-FD97FCA3F1DF}.Debug|Any CPU.Build.0 = Debug|Any CPU
		{6A9EC660-5C91-49DA-AAFD-FD97FCA3F1DF}.Release|Any CPU.ActiveCfg = Release|Any CPU
		{6A9EC660-5C91-49DA-AAFD-FD97FCA3F1DF}.Release|Any CPU.Build.0 = Release|Any CPU
		{6B2D209F-7572-4784-BD72-FB644AD7C763}.Debug|Any CPU.ActiveCfg = Debug|Any CPU
		{6B2D209F-7572-4784-BD72-FB644AD7C763}.Debug|Any CPU.Build.0 = Debug|Any CPU
		{6B2D209F-7572-4784-BD72-FB644AD7C763}.Release|Any CPU.ActiveCfg = Release|Any CPU
		{6B2D209F-7572-4784-BD72-FB644AD7C763}.Release|Any CPU.Build.0 = Release|Any CPU
		{E5407610-F73A-4BC4-8688-F1F0DE165B5C}.Debug|Any CPU.ActiveCfg = Debug|Any CPU
		{E5407610-F73A-4BC4-8688-F1F0DE165B5C}.Debug|Any CPU.Build.0 = Debug|Any CPU
		{E5407610-F73A-4BC4-8688-F1F0DE165B5C}.Release|Any CPU.ActiveCfg = Release|Any CPU
		{E5407610-F73A-4BC4-8688-F1F0DE165B5C}.Release|Any CPU.Build.0 = Release|Any CPU
		{4B98F4BD-90C8-4B11-AB8B-DA405A3A7E4A}.Debug|Any CPU.ActiveCfg = Debug|Any CPU
		{4B98F4BD-90C8-4B11-AB8B-DA405A3A7E4A}.Debug|Any CPU.Build.0 = Debug|Any CPU
		{4B98F4BD-90C8-4B11-AB8B-DA405A3A7E4A}.Release|Any CPU.ActiveCfg = Release|Any CPU
		{4B98F4BD-90C8-4B11-AB8B-DA405A3A7E4A}.Release|Any CPU.Build.0 = Release|Any CPU
		{FB521B7C-9555-41B1-8094-DD963E261A09}.Debug|Any CPU.ActiveCfg = Debug|Any CPU
		{FB521B7C-9555-41B1-8094-DD963E261A09}.Debug|Any CPU.Build.0 = Debug|Any CPU
		{FB521B7C-9555-41B1-8094-DD963E261A09}.Release|Any CPU.ActiveCfg = Release|Any CPU
		{FB521B7C-9555-41B1-8094-DD963E261A09}.Release|Any CPU.Build.0 = Release|Any CPU
		{24D21A59-919E-4EF9-931A-F375B02582E3}.Debug|Any CPU.ActiveCfg = Debug|Any CPU
		{24D21A59-919E-4EF9-931A-F375B02582E3}.Debug|Any CPU.Build.0 = Debug|Any CPU
		{24D21A59-919E-4EF9-931A-F375B02582E3}.Release|Any CPU.ActiveCfg = Release|Any CPU
		{24D21A59-919E-4EF9-931A-F375B02582E3}.Release|Any CPU.Build.0 = Release|Any CPU
		{66CA68A7-E399-4C98-8F1A-C807998ED3FF}.Debug|Any CPU.ActiveCfg = Debug|Any CPU
		{66CA68A7-E399-4C98-8F1A-C807998ED3FF}.Debug|Any CPU.Build.0 = Debug|Any CPU
		{66CA68A7-E399-4C98-8F1A-C807998ED3FF}.Release|Any CPU.ActiveCfg = Release|Any CPU
		{66CA68A7-E399-4C98-8F1A-C807998ED3FF}.Release|Any CPU.Build.0 = Release|Any CPU
		{35D67D8A-03B9-4946-9CDE-A8BAF731BE5C}.Debug|Any CPU.ActiveCfg = Debug|Any CPU
		{35D67D8A-03B9-4946-9CDE-A8BAF731BE5C}.Debug|Any CPU.Build.0 = Debug|Any CPU
		{35D67D8A-03B9-4946-9CDE-A8BAF731BE5C}.Release|Any CPU.ActiveCfg = Release|Any CPU
		{35D67D8A-03B9-4946-9CDE-A8BAF731BE5C}.Release|Any CPU.Build.0 = Release|Any CPU
		{47F7EEA5-97AC-47CE-93B7-EB4F06852891}.Debug|Any CPU.ActiveCfg = Debug|Any CPU
		{47F7EEA5-97AC-47CE-93B7-EB4F06852891}.Debug|Any CPU.Build.0 = Debug|Any CPU
		{47F7EEA5-97AC-47CE-93B7-EB4F06852891}.Release|Any CPU.ActiveCfg = Release|Any CPU
		{47F7EEA5-97AC-47CE-93B7-EB4F06852891}.Release|Any CPU.Build.0 = Release|Any CPU
		{3B739F33-189E-4E70-B8DD-0210FF1AF80D}.Debug|Any CPU.ActiveCfg = Debug|Any CPU
		{3B739F33-189E-4E70-B8DD-0210FF1AF80D}.Debug|Any CPU.Build.0 = Debug|Any CPU
		{3B739F33-189E-4E70-B8DD-0210FF1AF80D}.Release|Any CPU.ActiveCfg = Release|Any CPU
		{3B739F33-189E-4E70-B8DD-0210FF1AF80D}.Release|Any CPU.Build.0 = Release|Any CPU
		{92C67862-05A4-4B30-A51C-A29FEE56FAA2}.Debug|Any CPU.ActiveCfg = Debug|Any CPU
		{92C67862-05A4-4B30-A51C-A29FEE56FAA2}.Debug|Any CPU.Build.0 = Debug|Any CPU
		{92C67862-05A4-4B30-A51C-A29FEE56FAA2}.Release|Any CPU.ActiveCfg = Release|Any CPU
		{92C67862-05A4-4B30-A51C-A29FEE56FAA2}.Release|Any CPU.Build.0 = Release|Any CPU
		{52A4368F-26BE-47E8-945E-D933B4CB0517}.Debug|Any CPU.ActiveCfg = Debug|Any CPU
		{52A4368F-26BE-47E8-945E-D933B4CB0517}.Debug|Any CPU.Build.0 = Debug|Any CPU
		{52A4368F-26BE-47E8-945E-D933B4CB0517}.Release|Any CPU.ActiveCfg = Release|Any CPU
		{52A4368F-26BE-47E8-945E-D933B4CB0517}.Release|Any CPU.Build.0 = Release|Any CPU
	EndGlobalSection
	GlobalSection(SolutionProperties) = preSolution
		HideSolutionNode = FALSE
	EndGlobalSection
	GlobalSection(NestedProjects) = preSolution
		{9DFC8DC2-E37F-4BFC-858C-D1EC6D356F19} = {FEAD8B74-6004-4A8D-96FF-C31136B6C5C4}
		{B8590A70-E6F5-4C85-8690-5623AFB98983} = {FEAD8B74-6004-4A8D-96FF-C31136B6C5C4}
		{420C311A-FB9F-48E2-AD0E-6ECAC90CA262} = {FEAD8B74-6004-4A8D-96FF-C31136B6C5C4}
		{90D24CB8-E9D9-48D6-8878-3D19517EDA35} = {FEAD8B74-6004-4A8D-96FF-C31136B6C5C4}
		{6A9EC660-5C91-49DA-AAFD-FD97FCA3F1DF} = {FEAD8B74-6004-4A8D-96FF-C31136B6C5C4}
		{6B2D209F-7572-4784-BD72-FB644AD7C763} = {FEAD8B74-6004-4A8D-96FF-C31136B6C5C4}
		{E5407610-F73A-4BC4-8688-F1F0DE165B5C} = {FEAD8B74-6004-4A8D-96FF-C31136B6C5C4}
		{4B98F4BD-90C8-4B11-AB8B-DA405A3A7E4A} = {5A5D2037-62B5-401F-BA23-85C5881E1061}
		{FB521B7C-9555-41B1-8094-DD963E261A09} = {5A5D2037-62B5-401F-BA23-85C5881E1061}
		{24D21A59-919E-4EF9-931A-F375B02582E3} = {5A5D2037-62B5-401F-BA23-85C5881E1061}
		{66CA68A7-E399-4C98-8F1A-C807998ED3FF} = {5A5D2037-62B5-401F-BA23-85C5881E1061}
		{35D67D8A-03B9-4946-9CDE-A8BAF731BE5C} = {5A5D2037-62B5-401F-BA23-85C5881E1061}
		{47F7EEA5-97AC-47CE-93B7-EB4F06852891} = {5A5D2037-62B5-401F-BA23-85C5881E1061}
		{3B739F33-189E-4E70-B8DD-0210FF1AF80D} = {5A5D2037-62B5-401F-BA23-85C5881E1061}
		{92C67862-05A4-4B30-A51C-A29FEE56FAA2} = {5A5D2037-62B5-401F-BA23-85C5881E1061}
		{52A4368F-26BE-47E8-945E-D933B4CB0517} = {FEAD8B74-6004-4A8D-96FF-C31136B6C5C4}
	EndGlobalSection
	GlobalSection(ExtensibilityGlobals) = postSolution
		SolutionGuid = {0101B281-CD40-479F-AFD3-9FD01CFE2A43}
	EndGlobalSection
EndGlobal
