
Microsoft Visual Studio Solution File, Format Version 12.00
# Visual Studio Version 16
VisualStudioVersion = 16.0.30517.126
MinimumVisualStudioVersion = 10.0.40219.1
Project("{2150E333-8FDC-42A3-9474-1A3956D46DE8}") = "IteratorsAndComparatorsLAB", "IteratorsAndComparatorsLAB", "{FB19C4EE-0B95-4508-866F-27788994A755}"
EndProject
Project("{9A19103F-16F7-4668-BE54-9A1E7A4F7556}") = "Practice", "Practice\Practice.csproj", "{02B30D36-2CD4-4C5E-B2C8-738A96214B81}"
EndProject
Project("{9A19103F-16F7-4668-BE54-9A1E7A4F7556}") = "IteratorsAndComparators", "Library\IteratorsAndComparators.csproj", "{CFA013CC-BBC5-489F-8D27-A53DBD7B1011}"
EndProject
Project("{2150E333-8FDC-42A3-9474-1A3956D46DE8}") = "IteratorsAndComparatorsEXERCISE", "IteratorsAndComparatorsEXERCISE", "{45A84945-4E41-4821-8D3E-912D9FF7D411}"
EndProject
Project("{9A19103F-16F7-4668-BE54-9A1E7A4F7556}") = "ListyIterator", "ListyIterator\ListyIterator.csproj", "{F9E024FD-4F19-40F3-AC7E-2DC280998D99}"
EndProject
Project("{9A19103F-16F7-4668-BE54-9A1E7A4F7556}") = "Stack", "Stack\Stack.csproj", "{C3A89190-0EAB-4129-B09B-6B382540E57F}"
EndProject
Project("{FAE04EC0-301F-11D3-BF4B-00C04F79EFBC}") = "Froggy", "Froggy\Froggy.csproj", "{47A746F3-724E-4A98-B842-D1BA3458A9DD}"
EndProject
Project("{FAE04EC0-301F-11D3-BF4B-00C04F79EFBC}") = "ComparingObjects", "ComparingObjects\ComparingObjects.csproj", "{32BA41CB-FE44-42ED-AE23-BB1E27B4B19D}"
EndProject
Global
	GlobalSection(SolutionConfigurationPlatforms) = preSolution
		Debug|Any CPU = Debug|Any CPU
		Release|Any CPU = Release|Any CPU
	EndGlobalSection
	GlobalSection(ProjectConfigurationPlatforms) = postSolution
		{02B30D36-2CD4-4C5E-B2C8-738A96214B81}.Debug|Any CPU.ActiveCfg = Debug|Any CPU
		{02B30D36-2CD4-4C5E-B2C8-738A96214B81}.Debug|Any CPU.Build.0 = Debug|Any CPU
		{02B30D36-2CD4-4C5E-B2C8-738A96214B81}.Release|Any CPU.ActiveCfg = Release|Any CPU
		{02B30D36-2CD4-4C5E-B2C8-738A96214B81}.Release|Any CPU.Build.0 = Release|Any CPU
		{CFA013CC-BBC5-489F-8D27-A53DBD7B1011}.Debug|Any CPU.ActiveCfg = Debug|Any CPU
		{CFA013CC-BBC5-489F-8D27-A53DBD7B1011}.Debug|Any CPU.Build.0 = Debug|Any CPU
		{CFA013CC-BBC5-489F-8D27-A53DBD7B1011}.Release|Any CPU.ActiveCfg = Release|Any CPU
		{CFA013CC-BBC5-489F-8D27-A53DBD7B1011}.Release|Any CPU.Build.0 = Release|Any CPU
		{F9E024FD-4F19-40F3-AC7E-2DC280998D99}.Debug|Any CPU.ActiveCfg = Debug|Any CPU
		{F9E024FD-4F19-40F3-AC7E-2DC280998D99}.Debug|Any CPU.Build.0 = Debug|Any CPU
		{F9E024FD-4F19-40F3-AC7E-2DC280998D99}.Release|Any CPU.ActiveCfg = Release|Any CPU
		{F9E024FD-4F19-40F3-AC7E-2DC280998D99}.Release|Any CPU.Build.0 = Release|Any CPU
		{C3A89190-0EAB-4129-B09B-6B382540E57F}.Debug|Any CPU.ActiveCfg = Debug|Any CPU
		{C3A89190-0EAB-4129-B09B-6B382540E57F}.Debug|Any CPU.Build.0 = Debug|Any CPU
		{C3A89190-0EAB-4129-B09B-6B382540E57F}.Release|Any CPU.ActiveCfg = Release|Any CPU
		{C3A89190-0EAB-4129-B09B-6B382540E57F}.Release|Any CPU.Build.0 = Release|Any CPU
		{47A746F3-724E-4A98-B842-D1BA3458A9DD}.Debug|Any CPU.ActiveCfg = Debug|Any CPU
		{47A746F3-724E-4A98-B842-D1BA3458A9DD}.Debug|Any CPU.Build.0 = Debug|Any CPU
		{47A746F3-724E-4A98-B842-D1BA3458A9DD}.Release|Any CPU.ActiveCfg = Release|Any CPU
		{47A746F3-724E-4A98-B842-D1BA3458A9DD}.Release|Any CPU.Build.0 = Release|Any CPU
		{32BA41CB-FE44-42ED-AE23-BB1E27B4B19D}.Debug|Any CPU.ActiveCfg = Debug|Any CPU
		{32BA41CB-FE44-42ED-AE23-BB1E27B4B19D}.Debug|Any CPU.Build.0 = Debug|Any CPU
		{32BA41CB-FE44-42ED-AE23-BB1E27B4B19D}.Release|Any CPU.ActiveCfg = Release|Any CPU
		{32BA41CB-FE44-42ED-AE23-BB1E27B4B19D}.Release|Any CPU.Build.0 = Release|Any CPU
	EndGlobalSection
	GlobalSection(SolutionProperties) = preSolution
		HideSolutionNode = FALSE
	EndGlobalSection
	GlobalSection(NestedProjects) = preSolution
		{CFA013CC-BBC5-489F-8D27-A53DBD7B1011} = {FB19C4EE-0B95-4508-866F-27788994A755}
		{F9E024FD-4F19-40F3-AC7E-2DC280998D99} = {45A84945-4E41-4821-8D3E-912D9FF7D411}
		{C3A89190-0EAB-4129-B09B-6B382540E57F} = {45A84945-4E41-4821-8D3E-912D9FF7D411}
		{47A746F3-724E-4A98-B842-D1BA3458A9DD} = {45A84945-4E41-4821-8D3E-912D9FF7D411}
		{32BA41CB-FE44-42ED-AE23-BB1E27B4B19D} = {45A84945-4E41-4821-8D3E-912D9FF7D411}
	EndGlobalSection
	GlobalSection(ExtensibilityGlobals) = postSolution
		SolutionGuid = {6A384690-D019-4AF5-9479-8D9B3592DDD3}
	EndGlobalSection
EndGlobal
