
Microsoft Visual Studio Solution File, Format Version 12.00
# Visual Studio Version 16
VisualStudioVersion = 16.0.30406.217
MinimumVisualStudioVersion = 10.0.40219.1
Project("{2150E333-8FDC-42A3-9474-1A3956D46DE8}") = "DefiningClassesLAB", "DefiningClassesLAB", "{6CC20836-8A5E-4C6D-B676-6854136A7DFC}"
	ProjectSection(SolutionItems) = preProject
		C:\Users\LENOVO\Desktop\Shortcuts For Classes.txt = C:\Users\LENOVO\Desktop\Shortcuts For Classes.txt
	EndProjectSection
EndProject
Project("{9A19103F-16F7-4668-BE54-9A1E7A4F7556}") = "Practice", "Practice\Practice.csproj", "{BAE7D688-BCF4-46F6-A0C5-D920C991CCC6}"
EndProject
Project("{9A19103F-16F7-4668-BE54-9A1E7A4F7556}") = "CarManufacturer", "CarManufacturer\CarManufacturer.csproj", "{8B3426C7-6BAD-489B-90ED-10967F0F9A8D}"
EndProject
Project("{2150E333-8FDC-42A3-9474-1A3956D46DE8}") = "DefiningClassesEXERCISES", "DefiningClassesEXERCISES", "{143FA9F8-F46C-4A41-8D9B-BB1DC667B8E3}"
EndProject
Project("{9A19103F-16F7-4668-BE54-9A1E7A4F7556}") = "DefiningClasses", "DefiningClasses\DefiningClasses.csproj", "{16F2BD46-3E3D-4689-BB50-8FDF969ED05A}"
EndProject
Project("{9A19103F-16F7-4668-BE54-9A1E7A4F7556}") = "DateModifier", "DateModifier\DateModifier.csproj", "{4A12145D-DA0F-4BBD-862E-93A55EF63464}"
EndProject
Project("{9A19103F-16F7-4668-BE54-9A1E7A4F7556}") = "SpeedRacing", "SpeedRacing\SpeedRacing.csproj", "{9FFEB2E5-FDCD-4A2D-9F53-950ECA9B4E1F}"
EndProject
Project("{9A19103F-16F7-4668-BE54-9A1E7A4F7556}") = "RawData", "RawData\RawData.csproj", "{3847EA4B-B1BD-431A-928A-86D36001855D}"
EndProject
Project("{9A19103F-16F7-4668-BE54-9A1E7A4F7556}") = "CarSalesMan", "CarSalesMan\CarSalesMan.csproj", "{FE48BD40-EC76-40FF-85B5-A96A477F0F79}"
EndProject
Project("{FAE04EC0-301F-11D3-BF4B-00C04F79EFBC}") = "PokemonTrainer", "PokemonTrainer\PokemonTrainer.csproj", "{9AA098E5-F5B7-449F-B8EC-4019EAA4637D}"
EndProject
Project("{FAE04EC0-301F-11D3-BF4B-00C04F79EFBC}") = "SoftUniParking", "SoftUniParking\SoftUniParking.csproj", "{D5318BB5-9E8F-4B2B-AF9A-49560E2D9F13}"
EndProject
Global
	GlobalSection(SolutionConfigurationPlatforms) = preSolution
		Debug|Any CPU = Debug|Any CPU
		Release|Any CPU = Release|Any CPU
	EndGlobalSection
	GlobalSection(ProjectConfigurationPlatforms) = postSolution
		{BAE7D688-BCF4-46F6-A0C5-D920C991CCC6}.Debug|Any CPU.ActiveCfg = Debug|Any CPU
		{BAE7D688-BCF4-46F6-A0C5-D920C991CCC6}.Debug|Any CPU.Build.0 = Debug|Any CPU
		{BAE7D688-BCF4-46F6-A0C5-D920C991CCC6}.Release|Any CPU.ActiveCfg = Release|Any CPU
		{BAE7D688-BCF4-46F6-A0C5-D920C991CCC6}.Release|Any CPU.Build.0 = Release|Any CPU
		{8B3426C7-6BAD-489B-90ED-10967F0F9A8D}.Debug|Any CPU.ActiveCfg = Debug|Any CPU
		{8B3426C7-6BAD-489B-90ED-10967F0F9A8D}.Debug|Any CPU.Build.0 = Debug|Any CPU
		{8B3426C7-6BAD-489B-90ED-10967F0F9A8D}.Release|Any CPU.ActiveCfg = Release|Any CPU
		{8B3426C7-6BAD-489B-90ED-10967F0F9A8D}.Release|Any CPU.Build.0 = Release|Any CPU
		{16F2BD46-3E3D-4689-BB50-8FDF969ED05A}.Debug|Any CPU.ActiveCfg = Debug|Any CPU
		{16F2BD46-3E3D-4689-BB50-8FDF969ED05A}.Debug|Any CPU.Build.0 = Debug|Any CPU
		{16F2BD46-3E3D-4689-BB50-8FDF969ED05A}.Release|Any CPU.ActiveCfg = Release|Any CPU
		{16F2BD46-3E3D-4689-BB50-8FDF969ED05A}.Release|Any CPU.Build.0 = Release|Any CPU
		{4A12145D-DA0F-4BBD-862E-93A55EF63464}.Debug|Any CPU.ActiveCfg = Debug|Any CPU
		{4A12145D-DA0F-4BBD-862E-93A55EF63464}.Debug|Any CPU.Build.0 = Debug|Any CPU
		{4A12145D-DA0F-4BBD-862E-93A55EF63464}.Release|Any CPU.ActiveCfg = Release|Any CPU
		{4A12145D-DA0F-4BBD-862E-93A55EF63464}.Release|Any CPU.Build.0 = Release|Any CPU
		{9FFEB2E5-FDCD-4A2D-9F53-950ECA9B4E1F}.Debug|Any CPU.ActiveCfg = Debug|Any CPU
		{9FFEB2E5-FDCD-4A2D-9F53-950ECA9B4E1F}.Debug|Any CPU.Build.0 = Debug|Any CPU
		{9FFEB2E5-FDCD-4A2D-9F53-950ECA9B4E1F}.Release|Any CPU.ActiveCfg = Release|Any CPU
		{9FFEB2E5-FDCD-4A2D-9F53-950ECA9B4E1F}.Release|Any CPU.Build.0 = Release|Any CPU
		{3847EA4B-B1BD-431A-928A-86D36001855D}.Debug|Any CPU.ActiveCfg = Debug|Any CPU
		{3847EA4B-B1BD-431A-928A-86D36001855D}.Debug|Any CPU.Build.0 = Debug|Any CPU
		{3847EA4B-B1BD-431A-928A-86D36001855D}.Release|Any CPU.ActiveCfg = Release|Any CPU
		{3847EA4B-B1BD-431A-928A-86D36001855D}.Release|Any CPU.Build.0 = Release|Any CPU
		{FE48BD40-EC76-40FF-85B5-A96A477F0F79}.Debug|Any CPU.ActiveCfg = Debug|Any CPU
		{FE48BD40-EC76-40FF-85B5-A96A477F0F79}.Debug|Any CPU.Build.0 = Debug|Any CPU
		{FE48BD40-EC76-40FF-85B5-A96A477F0F79}.Release|Any CPU.ActiveCfg = Release|Any CPU
		{FE48BD40-EC76-40FF-85B5-A96A477F0F79}.Release|Any CPU.Build.0 = Release|Any CPU
		{9AA098E5-F5B7-449F-B8EC-4019EAA4637D}.Debug|Any CPU.ActiveCfg = Debug|Any CPU
		{9AA098E5-F5B7-449F-B8EC-4019EAA4637D}.Debug|Any CPU.Build.0 = Debug|Any CPU
		{9AA098E5-F5B7-449F-B8EC-4019EAA4637D}.Release|Any CPU.ActiveCfg = Release|Any CPU
		{9AA098E5-F5B7-449F-B8EC-4019EAA4637D}.Release|Any CPU.Build.0 = Release|Any CPU
		{D5318BB5-9E8F-4B2B-AF9A-49560E2D9F13}.Debug|Any CPU.ActiveCfg = Debug|Any CPU
		{D5318BB5-9E8F-4B2B-AF9A-49560E2D9F13}.Debug|Any CPU.Build.0 = Debug|Any CPU
		{D5318BB5-9E8F-4B2B-AF9A-49560E2D9F13}.Release|Any CPU.ActiveCfg = Release|Any CPU
		{D5318BB5-9E8F-4B2B-AF9A-49560E2D9F13}.Release|Any CPU.Build.0 = Release|Any CPU
	EndGlobalSection
	GlobalSection(SolutionProperties) = preSolution
		HideSolutionNode = FALSE
	EndGlobalSection
	GlobalSection(NestedProjects) = preSolution
		{BAE7D688-BCF4-46F6-A0C5-D920C991CCC6} = {6CC20836-8A5E-4C6D-B676-6854136A7DFC}
		{8B3426C7-6BAD-489B-90ED-10967F0F9A8D} = {6CC20836-8A5E-4C6D-B676-6854136A7DFC}
		{16F2BD46-3E3D-4689-BB50-8FDF969ED05A} = {143FA9F8-F46C-4A41-8D9B-BB1DC667B8E3}
		{4A12145D-DA0F-4BBD-862E-93A55EF63464} = {143FA9F8-F46C-4A41-8D9B-BB1DC667B8E3}
		{9FFEB2E5-FDCD-4A2D-9F53-950ECA9B4E1F} = {143FA9F8-F46C-4A41-8D9B-BB1DC667B8E3}
		{3847EA4B-B1BD-431A-928A-86D36001855D} = {143FA9F8-F46C-4A41-8D9B-BB1DC667B8E3}
		{FE48BD40-EC76-40FF-85B5-A96A477F0F79} = {143FA9F8-F46C-4A41-8D9B-BB1DC667B8E3}
		{9AA098E5-F5B7-449F-B8EC-4019EAA4637D} = {143FA9F8-F46C-4A41-8D9B-BB1DC667B8E3}
		{D5318BB5-9E8F-4B2B-AF9A-49560E2D9F13} = {143FA9F8-F46C-4A41-8D9B-BB1DC667B8E3}
	EndGlobalSection
	GlobalSection(ExtensibilityGlobals) = postSolution
		SolutionGuid = {43D505F0-E8AC-4772-9025-FC0CC73DDAE9}
	EndGlobalSection
EndGlobal
