
Microsoft Visual Studio Solution File, Format Version 12.00
# Visual Studio Version 16
VisualStudioVersion = 16.0.30503.244
MinimumVisualStudioVersion = 10.0.40219.1
Project("{9A19103F-16F7-4668-BE54-9A1E7A4F7556}") = "Pairs", "Pairs\Pairs.csproj", "{18D74ADE-C77E-489A-A825-F1EA68BD1A54}"
EndProject
Project("{9A19103F-16F7-4668-BE54-9A1E7A4F7556}") = "IcaCreamParlor", "IcaCreamParlor\IcaCreamParlor.csproj", "{DF0C442C-C2E6-4882-80D8-A26FD1741C88}"
EndProject
Project("{9A19103F-16F7-4668-BE54-9A1E7A4F7556}") = "VowelSubstring", "VowelSubstring\VowelSubstring.csproj", "{9BC53964-495E-47D1-B30B-91C80E7EA44B}"
EndProject
Project("{9A19103F-16F7-4668-BE54-9A1E7A4F7556}") = "UnexpectedDemand", "UnexpectedDemand\UnexpectedDemand.csproj", "{9EAF8B37-A196-446B-8911-EC11E08569BB}"
EndProject
Project("{9A19103F-16F7-4668-BE54-9A1E7A4F7556}") = "SimpleArraySum", "SimpleArraySum\SimpleArraySum.csproj", "{B38C7448-2BE5-4069-BDBE-C6387A905C8E}"
EndProject
Project("{9A19103F-16F7-4668-BE54-9A1E7A4F7556}") = "PlusMinus", "PlusMinus\PlusMinus.csproj", "{74D18EBF-34AA-4EE0-9A6E-960401C161D1}"
EndProject
Project("{9A19103F-16F7-4668-BE54-9A1E7A4F7556}") = "Staircase", "Staircase\Staircase.csproj", "{CC2813C0-3F9E-4807-8561-E21FEE2AD1DD}"
EndProject
Project("{9A19103F-16F7-4668-BE54-9A1E7A4F7556}") = "MiniMaxSum", "MiniMaxSum\MiniMaxSum.csproj", "{13ED18B3-86B4-4339-8562-FE36B043E159}"
EndProject
Project("{9A19103F-16F7-4668-BE54-9A1E7A4F7556}") = "BirthdayCakeCandles", "BirthdayCakeCandles\BirthdayCakeCandles.csproj", "{5EEE4125-061F-4832-82E8-1E20F7F4A06D}"
EndProject
Project("{9A19103F-16F7-4668-BE54-9A1E7A4F7556}") = "TimeConversion", "TimeConversion\TimeConversion.csproj", "{457A5740-97B1-47F5-8DD2-E396B257A653}"
EndProject
Project("{9A19103F-16F7-4668-BE54-9A1E7A4F7556}") = "StrangeCounter", "StrangeCounter\StrangeCounter.csproj", "{6A5D6870-1D0F-495B-9625-605F77A21EF9}"
EndProject
Project("{9A19103F-16F7-4668-BE54-9A1E7A4F7556}") = "3DSurfaceArea", "3DSurfaceArea\3DSurfaceArea.csproj", "{AE11690D-C49C-47C2-8C39-11CADBC7B348}"
EndProject
Project("{9A19103F-16F7-4668-BE54-9A1E7A4F7556}") = "2DArrayDC", "2DArrayDC\2DArrayDC.csproj", "{44B3AF10-279D-4EB7-BC61-F1B100409B7A}"
EndProject
Project("{9A19103F-16F7-4668-BE54-9A1E7A4F7556}") = "NewYearChaos", "NewYearChaos\NewYearChaos.csproj", "{BB0D39E7-DC99-4F12-9473-A42D7CE0944A}"
EndProject
Project("{9A19103F-16F7-4668-BE54-9A1E7A4F7556}") = "GradingStudents", "GradingStudents\GradingStudents.csproj", "{A8B4CBD0-E4FA-40F2-8C33-BB2519ABB7B1}"
EndProject
Project("{9A19103F-16F7-4668-BE54-9A1E7A4F7556}") = "ApplesAndOranges", "ApplesAndOranges\ApplesAndOranges.csproj", "{23DDF06E-3559-4034-BFF7-418B5B7CDB94}"
EndProject
Project("{9A19103F-16F7-4668-BE54-9A1E7A4F7556}") = "NumberLineJumps", "NumberLineJumps\NumberLineJumps.csproj", "{524BA7C3-2E58-4EE5-AD43-27452CDE97F2}"
EndProject
Project("{9A19103F-16F7-4668-BE54-9A1E7A4F7556}") = "BetweenTwoSets", "BetweenTwoSets\BetweenTwoSets.csproj", "{1BBF034B-0826-4B08-A11A-8FA1E7956840}"
EndProject
Project("{9A19103F-16F7-4668-BE54-9A1E7A4F7556}") = "BreakingTheRecords", "BreakingTheRecords\BreakingTheRecords.csproj", "{A28FD112-8979-4A1B-B861-9EBDB01B32E3}"
EndProject
Project("{9A19103F-16F7-4668-BE54-9A1E7A4F7556}") = "SubArrayDivision", "SubArrayDivision\SubArrayDivision.csproj", "{6B980DFB-2E63-4C9F-9550-A3A5A0B38FF6}"
EndProject
Project("{9A19103F-16F7-4668-BE54-9A1E7A4F7556}") = "MigratoryBirds", "MigratoryBirds\MigratoryBirds.csproj", "{85BBFE4C-4FC9-4C7A-B4E9-383DBCD747DD}"
EndProject
Project("{9A19103F-16F7-4668-BE54-9A1E7A4F7556}") = "DivisibleSumPairs", "DivisibleSumPairs\DivisibleSumPairs.csproj", "{3C58EF18-CBEF-486D-8944-ABEEEAA5B6D1}"
EndProject
Project("{9A19103F-16F7-4668-BE54-9A1E7A4F7556}") = "BillDivision", "BillDivision\BillDivision.csproj", "{1CABA654-475D-488B-8524-C57F4AAC810C}"
EndProject
Project("{9A19103F-16F7-4668-BE54-9A1E7A4F7556}") = "SalesByMatch", "SalesByMatch\SalesByMatch.csproj", "{BEFAFF26-8A30-4A33-97D7-AD07A8358EF8}"
EndProject
Project("{9A19103F-16F7-4668-BE54-9A1E7A4F7556}") = "DrawingBook", "DrawingBook\DrawingBook.csproj", "{12F14393-6E45-44B5-983B-B0CE528D459D}"
EndProject
Project("{9A19103F-16F7-4668-BE54-9A1E7A4F7556}") = "CountingValleys", "CountingValleys\CountingValleys.csproj", "{15DC5956-3EE0-4FAE-AB99-75B9F4413718}"
EndProject
Project("{9A19103F-16F7-4668-BE54-9A1E7A4F7556}") = "ElectronicShop", "ElectronicShop\ElectronicShop.csproj", "{F59ABCA9-3846-47FC-9250-DF25134ADF9E}"
EndProject
Project("{9A19103F-16F7-4668-BE54-9A1E7A4F7556}") = "CatsAndAMouse", "CatsAndAMouse\CatsAndAMouse.csproj", "{C0BDE4EB-476C-4D46-9D4E-A1E03A05D3BC}"
EndProject
Project("{9A19103F-16F7-4668-BE54-9A1E7A4F7556}") = "MinimumAbsoluteDifferenceInAnArray", "MinimumAbsoluteDifferenceInAnArray\MinimumAbsoluteDifferenceInAnArray.csproj", "{5EAE4D2F-0D6E-4A49-8AC7-0E2C3BCCCAF3}"
EndProject
Project("{9A19103F-16F7-4668-BE54-9A1E7A4F7556}") = "MarksCakewalk", "MarksCakewalk\MarksCakewalk.csproj", "{100ECB41-A42D-4055-8D5A-44DF13147D58}"
EndProject
Project("{9A19103F-16F7-4668-BE54-9A1E7A4F7556}") = "LuckBallance", "LuckBallance\LuckBallance.csproj", "{CEF209F1-C6E8-4E95-9B2D-2EA121BEAC58}"
EndProject
Project("{9A19103F-16F7-4668-BE54-9A1E7A4F7556}") = "MaximumPerimeterTriangle", "MaximumPerimeterTriangle\MaximumPerimeterTriangle.csproj", "{81B1C1A5-339A-499C-8486-174007641561}"
EndProject
Project("{9A19103F-16F7-4668-BE54-9A1E7A4F7556}") = "Candies", "Candies\Candies.csproj", "{2B150A1C-A57E-47D6-9C13-BA9B9706D91C}"
EndProject
Project("{9A19103F-16F7-4668-BE54-9A1E7A4F7556}") = "AngryProfessor", "AngryProfessor\AngryProfessor.csproj", "{3F62611F-C995-49E8-94C3-FE328DB67BE9}"
EndProject
Project("{9A19103F-16F7-4668-BE54-9A1E7A4F7556}") = "BeautifullDaysAtTheMovies", "BeautifullDaysAtTheMovies\BeautifullDaysAtTheMovies.csproj", "{DFF75D2B-A0BE-45A9-9C12-D134F8825653}"
EndProject
Project("{9A19103F-16F7-4668-BE54-9A1E7A4F7556}") = "MarcAndToys", "MarcAndToys\MarcAndToys.csproj", "{3464FF23-190A-4430-AA86-7CEB385EA76D}"
EndProject
Project("{9A19103F-16F7-4668-BE54-9A1E7A4F7556}") = "GreedyFlorist", "GreedyFlorist\GreedyFlorist.csproj", "{F3E35DFC-2C12-4F7D-B072-D3B80EAC0EF2}"
EndProject
Project("{FAE04EC0-301F-11D3-BF4B-00C04F79EFBC}") = "MaxMin", "MaxMin\MaxMin.csproj", "{79B49548-A813-4F4B-B714-FD64EFA87010}"
EndProject
Project("{FAE04EC0-301F-11D3-BF4B-00C04F79EFBC}") = "JimAndTheOrders", "JimAndTheOrders\JimAndTheOrders.csproj", "{B1EE0E6F-0F06-439D-9A62-88892C77F0F1}"
EndProject
Project("{FAE04EC0-301F-11D3-BF4B-00C04F79EFBC}") = "PermutingTwoArrays", "PermuttingTwoArrays\PermutingTwoArrays.csproj", "{75C944CD-A85A-4B07-8BFD-F2A821BE7CE0}"
EndProject
Project("{FAE04EC0-301F-11D3-BF4B-00C04F79EFBC}") = "SherlockAndTheBeast", "SherlockAnTheBeast\SherlockAndTheBeast.csproj", "{DBFAB4C8-9472-4BCA-902A-CBD856A09F0E}"
EndProject
Global
	GlobalSection(SolutionConfigurationPlatforms) = preSolution
		Debug|Any CPU = Debug|Any CPU
		Release|Any CPU = Release|Any CPU
	EndGlobalSection
	GlobalSection(ProjectConfigurationPlatforms) = postSolution
		{18D74ADE-C77E-489A-A825-F1EA68BD1A54}.Debug|Any CPU.ActiveCfg = Debug|Any CPU
		{18D74ADE-C77E-489A-A825-F1EA68BD1A54}.Debug|Any CPU.Build.0 = Debug|Any CPU
		{18D74ADE-C77E-489A-A825-F1EA68BD1A54}.Release|Any CPU.ActiveCfg = Release|Any CPU
		{18D74ADE-C77E-489A-A825-F1EA68BD1A54}.Release|Any CPU.Build.0 = Release|Any CPU
		{DF0C442C-C2E6-4882-80D8-A26FD1741C88}.Debug|Any CPU.ActiveCfg = Debug|Any CPU
		{DF0C442C-C2E6-4882-80D8-A26FD1741C88}.Debug|Any CPU.Build.0 = Debug|Any CPU
		{DF0C442C-C2E6-4882-80D8-A26FD1741C88}.Release|Any CPU.ActiveCfg = Release|Any CPU
		{DF0C442C-C2E6-4882-80D8-A26FD1741C88}.Release|Any CPU.Build.0 = Release|Any CPU
		{9BC53964-495E-47D1-B30B-91C80E7EA44B}.Debug|Any CPU.ActiveCfg = Debug|Any CPU
		{9BC53964-495E-47D1-B30B-91C80E7EA44B}.Debug|Any CPU.Build.0 = Debug|Any CPU
		{9BC53964-495E-47D1-B30B-91C80E7EA44B}.Release|Any CPU.ActiveCfg = Release|Any CPU
		{9BC53964-495E-47D1-B30B-91C80E7EA44B}.Release|Any CPU.Build.0 = Release|Any CPU
		{9EAF8B37-A196-446B-8911-EC11E08569BB}.Debug|Any CPU.ActiveCfg = Debug|Any CPU
		{9EAF8B37-A196-446B-8911-EC11E08569BB}.Debug|Any CPU.Build.0 = Debug|Any CPU
		{9EAF8B37-A196-446B-8911-EC11E08569BB}.Release|Any CPU.ActiveCfg = Release|Any CPU
		{9EAF8B37-A196-446B-8911-EC11E08569BB}.Release|Any CPU.Build.0 = Release|Any CPU
		{B38C7448-2BE5-4069-BDBE-C6387A905C8E}.Debug|Any CPU.ActiveCfg = Debug|Any CPU
		{B38C7448-2BE5-4069-BDBE-C6387A905C8E}.Debug|Any CPU.Build.0 = Debug|Any CPU
		{B38C7448-2BE5-4069-BDBE-C6387A905C8E}.Release|Any CPU.ActiveCfg = Release|Any CPU
		{B38C7448-2BE5-4069-BDBE-C6387A905C8E}.Release|Any CPU.Build.0 = Release|Any CPU
		{74D18EBF-34AA-4EE0-9A6E-960401C161D1}.Debug|Any CPU.ActiveCfg = Debug|Any CPU
		{74D18EBF-34AA-4EE0-9A6E-960401C161D1}.Debug|Any CPU.Build.0 = Debug|Any CPU
		{74D18EBF-34AA-4EE0-9A6E-960401C161D1}.Release|Any CPU.ActiveCfg = Release|Any CPU
		{74D18EBF-34AA-4EE0-9A6E-960401C161D1}.Release|Any CPU.Build.0 = Release|Any CPU
		{CC2813C0-3F9E-4807-8561-E21FEE2AD1DD}.Debug|Any CPU.ActiveCfg = Debug|Any CPU
		{CC2813C0-3F9E-4807-8561-E21FEE2AD1DD}.Debug|Any CPU.Build.0 = Debug|Any CPU
		{CC2813C0-3F9E-4807-8561-E21FEE2AD1DD}.Release|Any CPU.ActiveCfg = Release|Any CPU
		{CC2813C0-3F9E-4807-8561-E21FEE2AD1DD}.Release|Any CPU.Build.0 = Release|Any CPU
		{13ED18B3-86B4-4339-8562-FE36B043E159}.Debug|Any CPU.ActiveCfg = Debug|Any CPU
		{13ED18B3-86B4-4339-8562-FE36B043E159}.Debug|Any CPU.Build.0 = Debug|Any CPU
		{13ED18B3-86B4-4339-8562-FE36B043E159}.Release|Any CPU.ActiveCfg = Release|Any CPU
		{13ED18B3-86B4-4339-8562-FE36B043E159}.Release|Any CPU.Build.0 = Release|Any CPU
		{5EEE4125-061F-4832-82E8-1E20F7F4A06D}.Debug|Any CPU.ActiveCfg = Debug|Any CPU
		{5EEE4125-061F-4832-82E8-1E20F7F4A06D}.Debug|Any CPU.Build.0 = Debug|Any CPU
		{5EEE4125-061F-4832-82E8-1E20F7F4A06D}.Release|Any CPU.ActiveCfg = Release|Any CPU
		{5EEE4125-061F-4832-82E8-1E20F7F4A06D}.Release|Any CPU.Build.0 = Release|Any CPU
		{457A5740-97B1-47F5-8DD2-E396B257A653}.Debug|Any CPU.ActiveCfg = Debug|Any CPU
		{457A5740-97B1-47F5-8DD2-E396B257A653}.Debug|Any CPU.Build.0 = Debug|Any CPU
		{457A5740-97B1-47F5-8DD2-E396B257A653}.Release|Any CPU.ActiveCfg = Release|Any CPU
		{457A5740-97B1-47F5-8DD2-E396B257A653}.Release|Any CPU.Build.0 = Release|Any CPU
		{6A5D6870-1D0F-495B-9625-605F77A21EF9}.Debug|Any CPU.ActiveCfg = Debug|Any CPU
		{6A5D6870-1D0F-495B-9625-605F77A21EF9}.Debug|Any CPU.Build.0 = Debug|Any CPU
		{6A5D6870-1D0F-495B-9625-605F77A21EF9}.Release|Any CPU.ActiveCfg = Release|Any CPU
		{6A5D6870-1D0F-495B-9625-605F77A21EF9}.Release|Any CPU.Build.0 = Release|Any CPU
		{AE11690D-C49C-47C2-8C39-11CADBC7B348}.Debug|Any CPU.ActiveCfg = Debug|Any CPU
		{AE11690D-C49C-47C2-8C39-11CADBC7B348}.Debug|Any CPU.Build.0 = Debug|Any CPU
		{AE11690D-C49C-47C2-8C39-11CADBC7B348}.Release|Any CPU.ActiveCfg = Release|Any CPU
		{AE11690D-C49C-47C2-8C39-11CADBC7B348}.Release|Any CPU.Build.0 = Release|Any CPU
		{44B3AF10-279D-4EB7-BC61-F1B100409B7A}.Debug|Any CPU.ActiveCfg = Debug|Any CPU
		{44B3AF10-279D-4EB7-BC61-F1B100409B7A}.Debug|Any CPU.Build.0 = Debug|Any CPU
		{44B3AF10-279D-4EB7-BC61-F1B100409B7A}.Release|Any CPU.ActiveCfg = Release|Any CPU
		{44B3AF10-279D-4EB7-BC61-F1B100409B7A}.Release|Any CPU.Build.0 = Release|Any CPU
		{BB0D39E7-DC99-4F12-9473-A42D7CE0944A}.Debug|Any CPU.ActiveCfg = Debug|Any CPU
		{BB0D39E7-DC99-4F12-9473-A42D7CE0944A}.Debug|Any CPU.Build.0 = Debug|Any CPU
		{BB0D39E7-DC99-4F12-9473-A42D7CE0944A}.Release|Any CPU.ActiveCfg = Release|Any CPU
		{BB0D39E7-DC99-4F12-9473-A42D7CE0944A}.Release|Any CPU.Build.0 = Release|Any CPU
		{A8B4CBD0-E4FA-40F2-8C33-BB2519ABB7B1}.Debug|Any CPU.ActiveCfg = Debug|Any CPU
		{A8B4CBD0-E4FA-40F2-8C33-BB2519ABB7B1}.Debug|Any CPU.Build.0 = Debug|Any CPU
		{A8B4CBD0-E4FA-40F2-8C33-BB2519ABB7B1}.Release|Any CPU.ActiveCfg = Release|Any CPU
		{A8B4CBD0-E4FA-40F2-8C33-BB2519ABB7B1}.Release|Any CPU.Build.0 = Release|Any CPU
		{23DDF06E-3559-4034-BFF7-418B5B7CDB94}.Debug|Any CPU.ActiveCfg = Debug|Any CPU
		{23DDF06E-3559-4034-BFF7-418B5B7CDB94}.Debug|Any CPU.Build.0 = Debug|Any CPU
		{23DDF06E-3559-4034-BFF7-418B5B7CDB94}.Release|Any CPU.ActiveCfg = Release|Any CPU
		{23DDF06E-3559-4034-BFF7-418B5B7CDB94}.Release|Any CPU.Build.0 = Release|Any CPU
		{524BA7C3-2E58-4EE5-AD43-27452CDE97F2}.Debug|Any CPU.ActiveCfg = Debug|Any CPU
		{524BA7C3-2E58-4EE5-AD43-27452CDE97F2}.Debug|Any CPU.Build.0 = Debug|Any CPU
		{524BA7C3-2E58-4EE5-AD43-27452CDE97F2}.Release|Any CPU.ActiveCfg = Release|Any CPU
		{524BA7C3-2E58-4EE5-AD43-27452CDE97F2}.Release|Any CPU.Build.0 = Release|Any CPU
		{1BBF034B-0826-4B08-A11A-8FA1E7956840}.Debug|Any CPU.ActiveCfg = Debug|Any CPU
		{1BBF034B-0826-4B08-A11A-8FA1E7956840}.Debug|Any CPU.Build.0 = Debug|Any CPU
		{1BBF034B-0826-4B08-A11A-8FA1E7956840}.Release|Any CPU.ActiveCfg = Release|Any CPU
		{1BBF034B-0826-4B08-A11A-8FA1E7956840}.Release|Any CPU.Build.0 = Release|Any CPU
		{A28FD112-8979-4A1B-B861-9EBDB01B32E3}.Debug|Any CPU.ActiveCfg = Debug|Any CPU
		{A28FD112-8979-4A1B-B861-9EBDB01B32E3}.Debug|Any CPU.Build.0 = Debug|Any CPU
		{A28FD112-8979-4A1B-B861-9EBDB01B32E3}.Release|Any CPU.ActiveCfg = Release|Any CPU
		{A28FD112-8979-4A1B-B861-9EBDB01B32E3}.Release|Any CPU.Build.0 = Release|Any CPU
		{6B980DFB-2E63-4C9F-9550-A3A5A0B38FF6}.Debug|Any CPU.ActiveCfg = Debug|Any CPU
		{6B980DFB-2E63-4C9F-9550-A3A5A0B38FF6}.Debug|Any CPU.Build.0 = Debug|Any CPU
		{6B980DFB-2E63-4C9F-9550-A3A5A0B38FF6}.Release|Any CPU.ActiveCfg = Release|Any CPU
		{6B980DFB-2E63-4C9F-9550-A3A5A0B38FF6}.Release|Any CPU.Build.0 = Release|Any CPU
		{85BBFE4C-4FC9-4C7A-B4E9-383DBCD747DD}.Debug|Any CPU.ActiveCfg = Debug|Any CPU
		{85BBFE4C-4FC9-4C7A-B4E9-383DBCD747DD}.Debug|Any CPU.Build.0 = Debug|Any CPU
		{85BBFE4C-4FC9-4C7A-B4E9-383DBCD747DD}.Release|Any CPU.ActiveCfg = Release|Any CPU
		{85BBFE4C-4FC9-4C7A-B4E9-383DBCD747DD}.Release|Any CPU.Build.0 = Release|Any CPU
		{3C58EF18-CBEF-486D-8944-ABEEEAA5B6D1}.Debug|Any CPU.ActiveCfg = Debug|Any CPU
		{3C58EF18-CBEF-486D-8944-ABEEEAA5B6D1}.Debug|Any CPU.Build.0 = Debug|Any CPU
		{3C58EF18-CBEF-486D-8944-ABEEEAA5B6D1}.Release|Any CPU.ActiveCfg = Release|Any CPU
		{3C58EF18-CBEF-486D-8944-ABEEEAA5B6D1}.Release|Any CPU.Build.0 = Release|Any CPU
		{1CABA654-475D-488B-8524-C57F4AAC810C}.Debug|Any CPU.ActiveCfg = Debug|Any CPU
		{1CABA654-475D-488B-8524-C57F4AAC810C}.Debug|Any CPU.Build.0 = Debug|Any CPU
		{1CABA654-475D-488B-8524-C57F4AAC810C}.Release|Any CPU.ActiveCfg = Release|Any CPU
		{1CABA654-475D-488B-8524-C57F4AAC810C}.Release|Any CPU.Build.0 = Release|Any CPU
		{BEFAFF26-8A30-4A33-97D7-AD07A8358EF8}.Debug|Any CPU.ActiveCfg = Debug|Any CPU
		{BEFAFF26-8A30-4A33-97D7-AD07A8358EF8}.Debug|Any CPU.Build.0 = Debug|Any CPU
		{BEFAFF26-8A30-4A33-97D7-AD07A8358EF8}.Release|Any CPU.ActiveCfg = Release|Any CPU
		{BEFAFF26-8A30-4A33-97D7-AD07A8358EF8}.Release|Any CPU.Build.0 = Release|Any CPU
		{12F14393-6E45-44B5-983B-B0CE528D459D}.Debug|Any CPU.ActiveCfg = Debug|Any CPU
		{12F14393-6E45-44B5-983B-B0CE528D459D}.Debug|Any CPU.Build.0 = Debug|Any CPU
		{12F14393-6E45-44B5-983B-B0CE528D459D}.Release|Any CPU.ActiveCfg = Release|Any CPU
		{12F14393-6E45-44B5-983B-B0CE528D459D}.Release|Any CPU.Build.0 = Release|Any CPU
		{15DC5956-3EE0-4FAE-AB99-75B9F4413718}.Debug|Any CPU.ActiveCfg = Debug|Any CPU
		{15DC5956-3EE0-4FAE-AB99-75B9F4413718}.Debug|Any CPU.Build.0 = Debug|Any CPU
		{15DC5956-3EE0-4FAE-AB99-75B9F4413718}.Release|Any CPU.ActiveCfg = Release|Any CPU
		{15DC5956-3EE0-4FAE-AB99-75B9F4413718}.Release|Any CPU.Build.0 = Release|Any CPU
		{F59ABCA9-3846-47FC-9250-DF25134ADF9E}.Debug|Any CPU.ActiveCfg = Debug|Any CPU
		{F59ABCA9-3846-47FC-9250-DF25134ADF9E}.Debug|Any CPU.Build.0 = Debug|Any CPU
		{F59ABCA9-3846-47FC-9250-DF25134ADF9E}.Release|Any CPU.ActiveCfg = Release|Any CPU
		{F59ABCA9-3846-47FC-9250-DF25134ADF9E}.Release|Any CPU.Build.0 = Release|Any CPU
		{C0BDE4EB-476C-4D46-9D4E-A1E03A05D3BC}.Debug|Any CPU.ActiveCfg = Debug|Any CPU
		{C0BDE4EB-476C-4D46-9D4E-A1E03A05D3BC}.Debug|Any CPU.Build.0 = Debug|Any CPU
		{C0BDE4EB-476C-4D46-9D4E-A1E03A05D3BC}.Release|Any CPU.ActiveCfg = Release|Any CPU
		{C0BDE4EB-476C-4D46-9D4E-A1E03A05D3BC}.Release|Any CPU.Build.0 = Release|Any CPU
		{5EAE4D2F-0D6E-4A49-8AC7-0E2C3BCCCAF3}.Debug|Any CPU.ActiveCfg = Debug|Any CPU
		{5EAE4D2F-0D6E-4A49-8AC7-0E2C3BCCCAF3}.Debug|Any CPU.Build.0 = Debug|Any CPU
		{5EAE4D2F-0D6E-4A49-8AC7-0E2C3BCCCAF3}.Release|Any CPU.ActiveCfg = Release|Any CPU
		{5EAE4D2F-0D6E-4A49-8AC7-0E2C3BCCCAF3}.Release|Any CPU.Build.0 = Release|Any CPU
		{100ECB41-A42D-4055-8D5A-44DF13147D58}.Debug|Any CPU.ActiveCfg = Debug|Any CPU
		{100ECB41-A42D-4055-8D5A-44DF13147D58}.Debug|Any CPU.Build.0 = Debug|Any CPU
		{100ECB41-A42D-4055-8D5A-44DF13147D58}.Release|Any CPU.ActiveCfg = Release|Any CPU
		{100ECB41-A42D-4055-8D5A-44DF13147D58}.Release|Any CPU.Build.0 = Release|Any CPU
		{CEF209F1-C6E8-4E95-9B2D-2EA121BEAC58}.Debug|Any CPU.ActiveCfg = Debug|Any CPU
		{CEF209F1-C6E8-4E95-9B2D-2EA121BEAC58}.Debug|Any CPU.Build.0 = Debug|Any CPU
		{CEF209F1-C6E8-4E95-9B2D-2EA121BEAC58}.Release|Any CPU.ActiveCfg = Release|Any CPU
		{CEF209F1-C6E8-4E95-9B2D-2EA121BEAC58}.Release|Any CPU.Build.0 = Release|Any CPU
		{81B1C1A5-339A-499C-8486-174007641561}.Debug|Any CPU.ActiveCfg = Debug|Any CPU
		{81B1C1A5-339A-499C-8486-174007641561}.Debug|Any CPU.Build.0 = Debug|Any CPU
		{81B1C1A5-339A-499C-8486-174007641561}.Release|Any CPU.ActiveCfg = Release|Any CPU
		{81B1C1A5-339A-499C-8486-174007641561}.Release|Any CPU.Build.0 = Release|Any CPU
		{2B150A1C-A57E-47D6-9C13-BA9B9706D91C}.Debug|Any CPU.ActiveCfg = Debug|Any CPU
		{2B150A1C-A57E-47D6-9C13-BA9B9706D91C}.Debug|Any CPU.Build.0 = Debug|Any CPU
		{2B150A1C-A57E-47D6-9C13-BA9B9706D91C}.Release|Any CPU.ActiveCfg = Release|Any CPU
		{2B150A1C-A57E-47D6-9C13-BA9B9706D91C}.Release|Any CPU.Build.0 = Release|Any CPU
		{3F62611F-C995-49E8-94C3-FE328DB67BE9}.Debug|Any CPU.ActiveCfg = Debug|Any CPU
		{3F62611F-C995-49E8-94C3-FE328DB67BE9}.Debug|Any CPU.Build.0 = Debug|Any CPU
		{3F62611F-C995-49E8-94C3-FE328DB67BE9}.Release|Any CPU.ActiveCfg = Release|Any CPU
		{3F62611F-C995-49E8-94C3-FE328DB67BE9}.Release|Any CPU.Build.0 = Release|Any CPU
		{DFF75D2B-A0BE-45A9-9C12-D134F8825653}.Debug|Any CPU.ActiveCfg = Debug|Any CPU
		{DFF75D2B-A0BE-45A9-9C12-D134F8825653}.Debug|Any CPU.Build.0 = Debug|Any CPU
		{DFF75D2B-A0BE-45A9-9C12-D134F8825653}.Release|Any CPU.ActiveCfg = Release|Any CPU
		{DFF75D2B-A0BE-45A9-9C12-D134F8825653}.Release|Any CPU.Build.0 = Release|Any CPU
		{3464FF23-190A-4430-AA86-7CEB385EA76D}.Debug|Any CPU.ActiveCfg = Debug|Any CPU
		{3464FF23-190A-4430-AA86-7CEB385EA76D}.Debug|Any CPU.Build.0 = Debug|Any CPU
		{3464FF23-190A-4430-AA86-7CEB385EA76D}.Release|Any CPU.ActiveCfg = Release|Any CPU
		{3464FF23-190A-4430-AA86-7CEB385EA76D}.Release|Any CPU.Build.0 = Release|Any CPU
		{F3E35DFC-2C12-4F7D-B072-D3B80EAC0EF2}.Debug|Any CPU.ActiveCfg = Debug|Any CPU
		{F3E35DFC-2C12-4F7D-B072-D3B80EAC0EF2}.Debug|Any CPU.Build.0 = Debug|Any CPU
		{F3E35DFC-2C12-4F7D-B072-D3B80EAC0EF2}.Release|Any CPU.ActiveCfg = Release|Any CPU
		{F3E35DFC-2C12-4F7D-B072-D3B80EAC0EF2}.Release|Any CPU.Build.0 = Release|Any CPU
		{79B49548-A813-4F4B-B714-FD64EFA87010}.Debug|Any CPU.ActiveCfg = Debug|Any CPU
		{79B49548-A813-4F4B-B714-FD64EFA87010}.Debug|Any CPU.Build.0 = Debug|Any CPU
		{79B49548-A813-4F4B-B714-FD64EFA87010}.Release|Any CPU.ActiveCfg = Release|Any CPU
		{79B49548-A813-4F4B-B714-FD64EFA87010}.Release|Any CPU.Build.0 = Release|Any CPU
		{B1EE0E6F-0F06-439D-9A62-88892C77F0F1}.Debug|Any CPU.ActiveCfg = Debug|Any CPU
		{B1EE0E6F-0F06-439D-9A62-88892C77F0F1}.Debug|Any CPU.Build.0 = Debug|Any CPU
		{B1EE0E6F-0F06-439D-9A62-88892C77F0F1}.Release|Any CPU.ActiveCfg = Release|Any CPU
		{B1EE0E6F-0F06-439D-9A62-88892C77F0F1}.Release|Any CPU.Build.0 = Release|Any CPU
		{75C944CD-A85A-4B07-8BFD-F2A821BE7CE0}.Debug|Any CPU.ActiveCfg = Debug|Any CPU
		{75C944CD-A85A-4B07-8BFD-F2A821BE7CE0}.Debug|Any CPU.Build.0 = Debug|Any CPU
		{75C944CD-A85A-4B07-8BFD-F2A821BE7CE0}.Release|Any CPU.ActiveCfg = Release|Any CPU
		{75C944CD-A85A-4B07-8BFD-F2A821BE7CE0}.Release|Any CPU.Build.0 = Release|Any CPU
		{DBFAB4C8-9472-4BCA-902A-CBD856A09F0E}.Debug|Any CPU.ActiveCfg = Debug|Any CPU
		{DBFAB4C8-9472-4BCA-902A-CBD856A09F0E}.Debug|Any CPU.Build.0 = Debug|Any CPU
		{DBFAB4C8-9472-4BCA-902A-CBD856A09F0E}.Release|Any CPU.ActiveCfg = Release|Any CPU
		{DBFAB4C8-9472-4BCA-902A-CBD856A09F0E}.Release|Any CPU.Build.0 = Release|Any CPU
	EndGlobalSection
	GlobalSection(SolutionProperties) = preSolution
		HideSolutionNode = FALSE
	EndGlobalSection
	GlobalSection(ExtensibilityGlobals) = postSolution
		SolutionGuid = {5A213EF2-8064-4A7C-8D3F-B2170910E38D}
	EndGlobalSection
EndGlobal
