
Microsoft Visual Studio Solution File, Format Version 12.00
# Visual Studio Version 16
VisualStudioVersion = 16.0.29424.173
MinimumVisualStudioVersion = 10.0.40219.1
Project("{FAE04EC0-301F-11D3-BF4B-00C04F79EFBC}") = "Christmas", "Christmas\Christmas.csproj", "{741CF96F-A77F-42DE-8FCF-4CEE32EFD0C8}"
EndProject
Global
	GlobalSection(SolutionConfigurationPlatforms) = preSolution
		Debug|Any CPU = Debug|Any CPU
		Release|Any CPU = Release|Any CPU
	EndGlobalSection
	GlobalSection(ProjectConfigurationPlatforms) = postSolution
		{741CF96F-A77F-42DE-8FCF-4CEE32EFD0C8}.Debug|Any CPU.ActiveCfg = Debug|Any CPU
		{741CF96F-A77F-42DE-8FCF-4CEE32EFD0C8}.Debug|Any CPU.Build.0 = Debug|Any CPU
		{741CF96F-A77F-42DE-8FCF-4CEE32EFD0C8}.Release|Any CPU.ActiveCfg = Release|Any CPU
		{741CF96F-A77F-42DE-8FCF-4CEE32EFD0C8}.Release|Any CPU.Build.0 = Release|Any CPU
	EndGlobalSection
	GlobalSection(SolutionProperties) = preSolution
		HideSolutionNode = FALSE
	EndGlobalSection
	GlobalSection(ExtensibilityGlobals) = postSolution
		SolutionGuid = {E76AFA29-DE0A-4A28-8E97-48A73641AC4E}
	EndGlobalSection
EndGlobal
