
Microsoft Visual Studio Solution File, Format Version 12.00
# Visual Studio Version 16
VisualStudioVersion = 16.0.30517.126
MinimumVisualStudioVersion = 10.0.40219.1
Project("{9A19103F-16F7-4668-BE54-9A1E7A4F7556}") = "RecursiveArraySum", "RecursiveArraySum\RecursiveArraySum.csproj", "{3EA470BB-E9BC-4B35-B29F-515FE45DC427}"
EndProject
Project("{9A19103F-16F7-4668-BE54-9A1E7A4F7556}") = "RecursiveFactorial", "RecursiveFactorial\RecursiveFactorial.csproj", "{2005FDA3-CAD4-4A6A-BC63-479790CD1080}"
EndProject
Project("{9A19103F-16F7-4668-BE54-9A1E7A4F7556}") = "SumOfCoins1", "SumOfCoins\SumOfCoins1.csproj", "{2778EC0E-0DC8-46C1-A8A9-624C19C8890B}"
EndProject
Project("{FAE04EC0-301F-11D3-BF4B-00C04F79EFBC}") = "MergeSort", "MergeSort\MergeSort.csproj", "{5D2A2EF3-18C8-4D93-A8A0-F4419C900764}"
EndProject
Project("{FAE04EC0-301F-11D3-BF4B-00C04F79EFBC}") = "SelectionSort", "SelectionSort\SelectionSort.csproj", "{9CB7ADB5-965B-440D-AD8D-BAC3F1B46E15}"
EndProject
Project("{FAE04EC0-301F-11D3-BF4B-00C04F79EFBC}") = "BinarySearchIterative", "BinarySearchIterative\BinarySearchIterative.csproj", "{430E29E5-1896-4293-8284-B7F0827D825D}"
EndProject
Global
	GlobalSection(SolutionConfigurationPlatforms) = preSolution
		Debug|Any CPU = Debug|Any CPU
		Release|Any CPU = Release|Any CPU
	EndGlobalSection
	GlobalSection(ProjectConfigurationPlatforms) = postSolution
		{3EA470BB-E9BC-4B35-B29F-515FE45DC427}.Debug|Any CPU.ActiveCfg = Debug|Any CPU
		{3EA470BB-E9BC-4B35-B29F-515FE45DC427}.Debug|Any CPU.Build.0 = Debug|Any CPU
		{3EA470BB-E9BC-4B35-B29F-515FE45DC427}.Release|Any CPU.ActiveCfg = Release|Any CPU
		{3EA470BB-E9BC-4B35-B29F-515FE45DC427}.Release|Any CPU.Build.0 = Release|Any CPU
		{2005FDA3-CAD4-4A6A-BC63-479790CD1080}.Debug|Any CPU.ActiveCfg = Debug|Any CPU
		{2005FDA3-CAD4-4A6A-BC63-479790CD1080}.Debug|Any CPU.Build.0 = Debug|Any CPU
		{2005FDA3-CAD4-4A6A-BC63-479790CD1080}.Release|Any CPU.ActiveCfg = Release|Any CPU
		{2005FDA3-CAD4-4A6A-BC63-479790CD1080}.Release|Any CPU.Build.0 = Release|Any CPU
		{2778EC0E-0DC8-46C1-A8A9-624C19C8890B}.Debug|Any CPU.ActiveCfg = Debug|Any CPU
		{2778EC0E-0DC8-46C1-A8A9-624C19C8890B}.Debug|Any CPU.Build.0 = Debug|Any CPU
		{2778EC0E-0DC8-46C1-A8A9-624C19C8890B}.Release|Any CPU.ActiveCfg = Release|Any CPU
		{2778EC0E-0DC8-46C1-A8A9-624C19C8890B}.Release|Any CPU.Build.0 = Release|Any CPU
		{5D2A2EF3-18C8-4D93-A8A0-F4419C900764}.Debug|Any CPU.ActiveCfg = Debug|Any CPU
		{5D2A2EF3-18C8-4D93-A8A0-F4419C900764}.Debug|Any CPU.Build.0 = Debug|Any CPU
		{5D2A2EF3-18C8-4D93-A8A0-F4419C900764}.Release|Any CPU.ActiveCfg = Release|Any CPU
		{5D2A2EF3-18C8-4D93-A8A0-F4419C900764}.Release|Any CPU.Build.0 = Release|Any CPU
		{9CB7ADB5-965B-440D-AD8D-BAC3F1B46E15}.Debug|Any CPU.ActiveCfg = Debug|Any CPU
		{9CB7ADB5-965B-440D-AD8D-BAC3F1B46E15}.Debug|Any CPU.Build.0 = Debug|Any CPU
		{9CB7ADB5-965B-440D-AD8D-BAC3F1B46E15}.Release|Any CPU.ActiveCfg = Release|Any CPU
		{9CB7ADB5-965B-440D-AD8D-BAC3F1B46E15}.Release|Any CPU.Build.0 = Release|Any CPU
		{430E29E5-1896-4293-8284-B7F0827D825D}.Debug|Any CPU.ActiveCfg = Debug|Any CPU
		{430E29E5-1896-4293-8284-B7F0827D825D}.Debug|Any CPU.Build.0 = Debug|Any CPU
		{430E29E5-1896-4293-8284-B7F0827D825D}.Release|Any CPU.ActiveCfg = Release|Any CPU
		{430E29E5-1896-4293-8284-B7F0827D825D}.Release|Any CPU.Build.0 = Release|Any CPU
	EndGlobalSection
	GlobalSection(SolutionProperties) = preSolution
		HideSolutionNode = FALSE
	EndGlobalSection
	GlobalSection(ExtensibilityGlobals) = postSolution
		SolutionGuid = {0B97831C-3831-4370-8B7D-032DAC8FA380}
	EndGlobalSection
EndGlobal
